// !$*UTF8*$!
{
	archiveVersion = 1;
	classes = {
	};
	objectVersion = 46;
	objects = {

/* Begin PBXBuildFile section */
		49A51D192345E8BB002B5D24 /* GLTFConverter+Geometry.swift in Sources */ = {isa = PBXBuildFile; fileRef = 49A51D182345E8BB002B5D24 /* GLTFConverter+Geometry.swift */; };
		49A51D1A2345E8BB002B5D24 /* GLTFConverter+Geometry.swift in Sources */ = {isa = PBXBuildFile; fileRef = 49A51D182345E8BB002B5D24 /* GLTFConverter+Geometry.swift */; };
		49A51D1B2345E8BB002B5D24 /* GLTFConverter+Geometry.swift in Sources */ = {isa = PBXBuildFile; fileRef = 49A51D182345E8BB002B5D24 /* GLTFConverter+Geometry.swift */; };
		49A51D1C2345E8BB002B5D24 /* GLTFConverter+Geometry.swift in Sources */ = {isa = PBXBuildFile; fileRef = 49A51D182345E8BB002B5D24 /* GLTFConverter+Geometry.swift */; };
		49A51D23234601B7002B5D24 /* GLTFConverter.swift in Sources */ = {isa = PBXBuildFile; fileRef = 49A51D22234601B7002B5D24 /* GLTFConverter.swift */; };
		49A51D24234601B7002B5D24 /* GLTFConverter.swift in Sources */ = {isa = PBXBuildFile; fileRef = 49A51D22234601B7002B5D24 /* GLTFConverter.swift */; };
		49A51D25234601B7002B5D24 /* GLTFConverter.swift in Sources */ = {isa = PBXBuildFile; fileRef = 49A51D22234601B7002B5D24 /* GLTFConverter.swift */; };
		49A51D26234601B7002B5D24 /* GLTFConverter.swift in Sources */ = {isa = PBXBuildFile; fileRef = 49A51D22234601B7002B5D24 /* GLTFConverter.swift */; };
		D2157142204035E3009E9D16 /* JSONCodingKeys.swift in Sources */ = {isa = PBXBuildFile; fileRef = D215713A20402611009E9D16 /* JSONCodingKeys.swift */; };
		D2180CDF208745A6005353CF /* GLTF+Draco.swift in Sources */ = {isa = PBXBuildFile; fileRef = D2180CDD2087457D005353CF /* GLTF+Draco.swift */; };
		D2180CE0208745A7005353CF /* GLTF+Draco.swift in Sources */ = {isa = PBXBuildFile; fileRef = D2180CDD2087457D005353CF /* GLTF+Draco.swift */; };
		D256CD0620B2B9F1002E841E /* glTFSceneKit-Bridging-Header.h in Headers */ = {isa = PBXBuildFile; fileRef = D2A67C0B20ADB9D0007523AF /* glTFSceneKit-Bridging-Header.h */; };
		D256CD0720B2B9F2002E841E /* glTFSceneKit-Bridging-Header.h in Headers */ = {isa = PBXBuildFile; fileRef = D2A67C0B20ADB9D0007523AF /* glTFSceneKit-Bridging-Header.h */; };
		D2750CED2077B7AC00F6198D /* GLTF+SceneKit.swift in Sources */ = {isa = PBXBuildFile; fileRef = OBJ_9 /* GLTF+SceneKit.swift */; };
		D2750CEE2077B7AC00F6198D /* GLTF.swift in Sources */ = {isa = PBXBuildFile; fileRef = OBJ_11 /* GLTF.swift */; };
		D2750CEF2077B7AC00F6198D /* GLTFAccessor.swift in Sources */ = {isa = PBXBuildFile; fileRef = OBJ_12 /* GLTFAccessor.swift */; };
		D2750CF02077B7AC00F6198D /* GLTFAccessorSparse.swift in Sources */ = {isa = PBXBuildFile; fileRef = OBJ_13 /* GLTFAccessorSparse.swift */; };
		D2750CF12077B7AC00F6198D /* GLTFAccessorSparseIndices.swift in Sources */ = {isa = PBXBuildFile; fileRef = OBJ_14 /* GLTFAccessorSparseIndices.swift */; };
		D2750CF22077B7AC00F6198D /* GLTFAccessorSparseValues.swift in Sources */ = {isa = PBXBuildFile; fileRef = OBJ_15 /* GLTFAccessorSparseValues.swift */; };
		D2750CF32077B7AC00F6198D /* GLTFAnimation.swift in Sources */ = {isa = PBXBuildFile; fileRef = OBJ_16 /* GLTFAnimation.swift */; };
		D2750CF42077B7AC00F6198D /* GLTFAnimationChannel.swift in Sources */ = {isa = PBXBuildFile; fileRef = OBJ_17 /* GLTFAnimationChannel.swift */; };
		D2750CF52077B7AC00F6198D /* GLTFAnimationChannelTarget.swift in Sources */ = {isa = PBXBuildFile; fileRef = OBJ_18 /* GLTFAnimationChannelTarget.swift */; };
		D2750CF62077B7AC00F6198D /* GLTFAnimationSampler.swift in Sources */ = {isa = PBXBuildFile; fileRef = OBJ_19 /* GLTFAnimationSampler.swift */; };
		D2750CF72077B7AC00F6198D /* GLTF_3D4MCompressedTextureExtension.swift in Sources */ = {isa = PBXBuildFile; fileRef = D2AC651D205D578A0091D5E0 /* GLTF_3D4MCompressedTextureExtension.swift */; };
		D2750CF82077B7AC00F6198D /* GLTFAsset.swift in Sources */ = {isa = PBXBuildFile; fileRef = OBJ_20 /* GLTFAsset.swift */; };
		D2750CF92077B7AC00F6198D /* GLTFBuffer.swift in Sources */ = {isa = PBXBuildFile; fileRef = OBJ_21 /* GLTFBuffer.swift */; };
		D2750CFA2077B7AC00F6198D /* GLTFBufferView.swift in Sources */ = {isa = PBXBuildFile; fileRef = OBJ_22 /* GLTFBufferView.swift */; };
		D2750CFB2077B7AC00F6198D /* GLTFCamera.swift in Sources */ = {isa = PBXBuildFile; fileRef = OBJ_23 /* GLTFCamera.swift */; };
		D2750CFC2077B7AC00F6198D /* GLTFCameraOrthographic.swift in Sources */ = {isa = PBXBuildFile; fileRef = OBJ_24 /* GLTFCameraOrthographic.swift */; };
		D2750CFD2077B7AC00F6198D /* GLTFCameraPerspective.swift in Sources */ = {isa = PBXBuildFile; fileRef = OBJ_25 /* GLTFCameraPerspective.swift */; };
		D2750CFE2077B7AC00F6198D /* GLTFImage.swift in Sources */ = {isa = PBXBuildFile; fileRef = OBJ_26 /* GLTFImage.swift */; };
		D2750CFF2077B7AC00F6198D /* GLTFMaterial.swift in Sources */ = {isa = PBXBuildFile; fileRef = OBJ_27 /* GLTFMaterial.swift */; };
		D2750D002077B7AC00F6198D /* GLTFMaterialNormalTextureInfo.swift in Sources */ = {isa = PBXBuildFile; fileRef = OBJ_28 /* GLTFMaterialNormalTextureInfo.swift */; };
		D2750D012077B7AC00F6198D /* GLTFMaterialOcclusionTextureInfo.swift in Sources */ = {isa = PBXBuildFile; fileRef = OBJ_29 /* GLTFMaterialOcclusionTextureInfo.swift */; };
		D2750D022077B7AC00F6198D /* GLTFMaterialPBRMetallicRoughness.swift in Sources */ = {isa = PBXBuildFile; fileRef = OBJ_30 /* GLTFMaterialPBRMetallicRoughness.swift */; };
		D2750D032077B7AC00F6198D /* GLTFMesh.swift in Sources */ = {isa = PBXBuildFile; fileRef = OBJ_31 /* GLTFMesh.swift */; };
		D2750D042077B7AC00F6198D /* GLTFKHRDracoMeshCompressionExtension.swift in Sources */ = {isa = PBXBuildFile; fileRef = D27BDF82203F0BEF0036F3A7 /* GLTFKHRDracoMeshCompressionExtension.swift */; };
		D2750D052077B7AC00F6198D /* GLTFMeshPrimitive.swift in Sources */ = {isa = PBXBuildFile; fileRef = OBJ_32 /* GLTFMeshPrimitive.swift */; };
		D2750D062077B7AC00F6198D /* GLTFNode.swift in Sources */ = {isa = PBXBuildFile; fileRef = OBJ_33 /* GLTFNode.swift */; };
		D2750D072077B7AC00F6198D /* JSONCodingKeys.swift in Sources */ = {isa = PBXBuildFile; fileRef = D215713A20402611009E9D16 /* JSONCodingKeys.swift */; };
		D2750D082077B7AC00F6198D /* GLTFSampler.swift in Sources */ = {isa = PBXBuildFile; fileRef = OBJ_34 /* GLTFSampler.swift */; };
		D2750D092077B7AC00F6198D /* GLTFScene.swift in Sources */ = {isa = PBXBuildFile; fileRef = OBJ_35 /* GLTFScene.swift */; };
		D2750D0A2077B7AC00F6198D /* GLTFSkin.swift in Sources */ = {isa = PBXBuildFile; fileRef = OBJ_36 /* GLTFSkin.swift */; };
		D2750D0B2077B7AC00F6198D /* GLTFTexture.swift in Sources */ = {isa = PBXBuildFile; fileRef = OBJ_37 /* GLTFTexture.swift */; };
		D2750D0C2077B7AC00F6198D /* GLTFTextureInfo.swift in Sources */ = {isa = PBXBuildFile; fileRef = OBJ_38 /* GLTFTextureInfo.swift */; };
		D2750D0D2077B7AC00F6198D /* Helper.swift in Sources */ = {isa = PBXBuildFile; fileRef = OBJ_39 /* Helper.swift */; };
		D27BDF83203F0BEF0036F3A7 /* GLTFKHRDracoMeshCompressionExtension.swift in Sources */ = {isa = PBXBuildFile; fileRef = D27BDF82203F0BEF0036F3A7 /* GLTFKHRDracoMeshCompressionExtension.swift */; };
		D287556D2077CB16009B7FA9 /* GLTF+CompressedTexture.swift in Sources */ = {isa = PBXBuildFile; fileRef = D287556B2077CABB009B7FA9 /* GLTF+CompressedTexture.swift */; };
		D287556E2077CB1B009B7FA9 /* GLTF+CompressedTexture.swift in Sources */ = {isa = PBXBuildFile; fileRef = D287556B2077CABB009B7FA9 /* GLTF+CompressedTexture.swift */; };
		D287E3F5209602EB00EBCFD1 /* TextureStorageManager.swift in Sources */ = {isa = PBXBuildFile; fileRef = D287E3F4209602EB00EBCFD1 /* TextureStorageManager.swift */; };
		D287E3F6209602EB00EBCFD1 /* TextureStorageManager.swift in Sources */ = {isa = PBXBuildFile; fileRef = D287E3F4209602EB00EBCFD1 /* TextureStorageManager.swift */; };
		D2A67C0020ADB91B007523AF /* Draco.swift in Sources */ = {isa = PBXBuildFile; fileRef = D2A67BFF20ADB91B007523AF /* Draco.swift */; };
		D2A67C0120ADB91B007523AF /* Draco.swift in Sources */ = {isa = PBXBuildFile; fileRef = D2A67BFF20ADB91B007523AF /* Draco.swift */; };
		D2A67C0320ADB92F007523AF /* libdraco.a in Frameworks */ = {isa = PBXBuildFile; fileRef = D2A67C0220ADB92F007523AF /* libdraco.a */; };
		D2A67C0520ADB93E007523AF /* libdraco_ios.a in Frameworks */ = {isa = PBXBuildFile; fileRef = D2A67C0420ADB93E007523AF /* libdraco_ios.a */; };
		D2AC651E205D578B0091D5E0 /* GLTF_3D4MCompressedTextureExtension.swift in Sources */ = {isa = PBXBuildFile; fileRef = D2AC651D205D578A0091D5E0 /* GLTF_3D4MCompressedTextureExtension.swift */; };
		D2AFCFC0208F1DE00048A9DA /* GLTF+Animation.swift in Sources */ = {isa = PBXBuildFile; fileRef = D2AFCFBF208F1DE00048A9DA /* GLTF+Animation.swift */; };
		D2AFCFC1208F1DE00048A9DA /* GLTF+Animation.swift in Sources */ = {isa = PBXBuildFile; fileRef = D2AFCFBF208F1DE00048A9DA /* GLTF+Animation.swift */; };
		D2AFCFC3208F2A010048A9DA /* GLTF+Material.swift in Sources */ = {isa = PBXBuildFile; fileRef = D2AFCFC2208F2A010048A9DA /* GLTF+Material.swift */; };
		D2AFCFC4208F2A010048A9DA /* GLTF+Material.swift in Sources */ = {isa = PBXBuildFile; fileRef = D2AFCFC2208F2A010048A9DA /* GLTF+Material.swift */; };
		D2AFCFD2208F6F010048A9DA /* GLTFResourceLoader.swift in Sources */ = {isa = PBXBuildFile; fileRef = D2AFCFD1208F6F010048A9DA /* GLTFResourceLoader.swift */; };
		D2AFCFD3208F6F010048A9DA /* GLTFResourceLoader.swift in Sources */ = {isa = PBXBuildFile; fileRef = D2AFCFD1208F6F010048A9DA /* GLTFResourceLoader.swift */; };
		D2B064DD214FE0CC00309D6F /* GLTF+SceneKit.swift in Sources */ = {isa = PBXBuildFile; fileRef = OBJ_9 /* GLTF+SceneKit.swift */; };
		D2B064DE214FE0CC00309D6F /* GLTF.swift in Sources */ = {isa = PBXBuildFile; fileRef = OBJ_11 /* GLTF.swift */; };
		D2B064DF214FE0CC00309D6F /* GLTFAccessor.swift in Sources */ = {isa = PBXBuildFile; fileRef = OBJ_12 /* GLTFAccessor.swift */; };
		D2B064E0214FE0CC00309D6F /* GLTFAccessorSparse.swift in Sources */ = {isa = PBXBuildFile; fileRef = OBJ_13 /* GLTFAccessorSparse.swift */; };
		D2B064E1214FE0CC00309D6F /* GLTFAccessorSparseIndices.swift in Sources */ = {isa = PBXBuildFile; fileRef = OBJ_14 /* GLTFAccessorSparseIndices.swift */; };
		D2B064E2214FE0CC00309D6F /* GLTFAccessorSparseValues.swift in Sources */ = {isa = PBXBuildFile; fileRef = OBJ_15 /* GLTFAccessorSparseValues.swift */; };
		D2B064E3214FE0CC00309D6F /* GLTFAnimation.swift in Sources */ = {isa = PBXBuildFile; fileRef = OBJ_16 /* GLTFAnimation.swift */; };
		D2B064E4214FE0CC00309D6F /* GLTF+Animation.swift in Sources */ = {isa = PBXBuildFile; fileRef = D2AFCFBF208F1DE00048A9DA /* GLTF+Animation.swift */; };
		D2B064E5214FE0CC00309D6F /* GLTFAnimationChannel.swift in Sources */ = {isa = PBXBuildFile; fileRef = OBJ_17 /* GLTFAnimationChannel.swift */; };
		D2B064E6214FE0CC00309D6F /* GLTFAnimationChannelTarget.swift in Sources */ = {isa = PBXBuildFile; fileRef = OBJ_18 /* GLTFAnimationChannelTarget.swift */; };
		D2B064E7214FE0CC00309D6F /* GLTFAnimationSampler.swift in Sources */ = {isa = PBXBuildFile; fileRef = OBJ_19 /* GLTFAnimationSampler.swift */; };
		D2B064E8214FE0CC00309D6F /* GLTF_3D4MCompressedTextureExtension.swift in Sources */ = {isa = PBXBuildFile; fileRef = D2AC651D205D578A0091D5E0 /* GLTF_3D4MCompressedTextureExtension.swift */; };
		D2B064E9214FE0CC00309D6F /* GLTF+Material.swift in Sources */ = {isa = PBXBuildFile; fileRef = D2AFCFC2208F2A010048A9DA /* GLTF+Material.swift */; };
		D2B064EA214FE0CC00309D6F /* GLTFAsset.swift in Sources */ = {isa = PBXBuildFile; fileRef = OBJ_20 /* GLTFAsset.swift */; };
		D2B064EB214FE0CC00309D6F /* GLTFBuffer.swift in Sources */ = {isa = PBXBuildFile; fileRef = OBJ_21 /* GLTFBuffer.swift */; };
		D2B064EC214FE0CC00309D6F /* Draco.swift in Sources */ = {isa = PBXBuildFile; fileRef = D2A67BFF20ADB91B007523AF /* Draco.swift */; };
		D2B064ED214FE0CC00309D6F /* GLTFBufferView.swift in Sources */ = {isa = PBXBuildFile; fileRef = OBJ_22 /* GLTFBufferView.swift */; };
		D2B064EE214FE0CC00309D6F /* GLTFCamera.swift in Sources */ = {isa = PBXBuildFile; fileRef = OBJ_23 /* GLTFCamera.swift */; };
		D2B064EF214FE0CC00309D6F /* GLTFResourceLoader.swift in Sources */ = {isa = PBXBuildFile; fileRef = D2AFCFD1208F6F010048A9DA /* GLTFResourceLoader.swift */; };
		D2B064F0214FE0CC00309D6F /* GLTFCameraOrthographic.swift in Sources */ = {isa = PBXBuildFile; fileRef = OBJ_24 /* GLTFCameraOrthographic.swift */; };
		D2B064F1214FE0CC00309D6F /* GLTFCameraPerspective.swift in Sources */ = {isa = PBXBuildFile; fileRef = OBJ_25 /* GLTFCameraPerspective.swift */; };
		D2B064F2214FE0CC00309D6F /* GLTFImage.swift in Sources */ = {isa = PBXBuildFile; fileRef = OBJ_26 /* GLTFImage.swift */; };
		D2B064F3214FE0CC00309D6F /* GLTFMaterial.swift in Sources */ = {isa = PBXBuildFile; fileRef = OBJ_27 /* GLTFMaterial.swift */; };
		D2B064F4214FE0CC00309D6F /* GLTFMaterialNormalTextureInfo.swift in Sources */ = {isa = PBXBuildFile; fileRef = OBJ_28 /* GLTFMaterialNormalTextureInfo.swift */; };
		D2B064F5214FE0CC00309D6F /* GLTFMaterialOcclusionTextureInfo.swift in Sources */ = {isa = PBXBuildFile; fileRef = OBJ_29 /* GLTFMaterialOcclusionTextureInfo.swift */; };
		D2B064F6214FE0CC00309D6F /* GLTFMaterialPBRMetallicRoughness.swift in Sources */ = {isa = PBXBuildFile; fileRef = OBJ_30 /* GLTFMaterialPBRMetallicRoughness.swift */; };
		D2B064F7214FE0CC00309D6F /* GLTFMesh.swift in Sources */ = {isa = PBXBuildFile; fileRef = OBJ_31 /* GLTFMesh.swift */; };
		D2B064F8214FE0CC00309D6F /* GLTFKHRDracoMeshCompressionExtension.swift in Sources */ = {isa = PBXBuildFile; fileRef = D27BDF82203F0BEF0036F3A7 /* GLTFKHRDracoMeshCompressionExtension.swift */; };
		D2B064F9214FE0CC00309D6F /* GLTFMeshPrimitive.swift in Sources */ = {isa = PBXBuildFile; fileRef = OBJ_32 /* GLTFMeshPrimitive.swift */; };
		D2B064FA214FE0CC00309D6F /* GLTFNode.swift in Sources */ = {isa = PBXBuildFile; fileRef = OBJ_33 /* GLTFNode.swift */; };
		D2B064FB214FE0CC00309D6F /* GLTF+CompressedTexture.swift in Sources */ = {isa = PBXBuildFile; fileRef = D287556B2077CABB009B7FA9 /* GLTF+CompressedTexture.swift */; };
		D2B064FC214FE0CC00309D6F /* JSONCodingKeys.swift in Sources */ = {isa = PBXBuildFile; fileRef = D215713A20402611009E9D16 /* JSONCodingKeys.swift */; };
		D2B064FD214FE0CC00309D6F /* GLTFSampler.swift in Sources */ = {isa = PBXBuildFile; fileRef = OBJ_34 /* GLTFSampler.swift */; };
		D2B064FE214FE0CC00309D6F /* GLTFScene.swift in Sources */ = {isa = PBXBuildFile; fileRef = OBJ_35 /* GLTFScene.swift */; };
		D2B064FF214FE0CC00309D6F /* GLTF+Draco.swift in Sources */ = {isa = PBXBuildFile; fileRef = D2180CDD2087457D005353CF /* GLTF+Draco.swift */; };
		D2B06500214FE0CC00309D6F /* GLTFSkin.swift in Sources */ = {isa = PBXBuildFile; fileRef = OBJ_36 /* GLTFSkin.swift */; };
		D2B06501214FE0CC00309D6F /* TextureStorageManager.swift in Sources */ = {isa = PBXBuildFile; fileRef = D287E3F4209602EB00EBCFD1 /* TextureStorageManager.swift */; };
		D2B06502214FE0CC00309D6F /* GLTFTexture.swift in Sources */ = {isa = PBXBuildFile; fileRef = OBJ_37 /* GLTFTexture.swift */; };
		D2B06503214FE0CC00309D6F /* GLTFTextureInfo.swift in Sources */ = {isa = PBXBuildFile; fileRef = OBJ_38 /* GLTFTextureInfo.swift */; };
		D2B06504214FE0CC00309D6F /* Helper.swift in Sources */ = {isa = PBXBuildFile; fileRef = OBJ_39 /* Helper.swift */; };
		D2B06509214FE0CC00309D6F /* glTFSceneKit-Bridging-Header.h in Headers */ = {isa = PBXBuildFile; fileRef = D2A67C0B20ADB9D0007523AF /* glTFSceneKit-Bridging-Header.h */; };
		D2B0651F214FEC7200309D6F /* libdraco_tvos.a in Frameworks */ = {isa = PBXBuildFile; fileRef = D2B0651E214FEC7200309D6F /* libdraco_tvos.a */; };
		OBJ_58 /* gltf_scenekitTests.swift in Sources */ = {isa = PBXBuildFile; fileRef = OBJ_42 /* gltf_scenekitTests.swift */; };
		OBJ_60 /* glTFSceneKit.framework in Frameworks */ = {isa = PBXBuildFile; fileRef = "gltf_scenekit::gltf_scenekit::Product" /* glTFSceneKit.framework */; };
		OBJ_67 /* GLTF+SceneKit.swift in Sources */ = {isa = PBXBuildFile; fileRef = OBJ_9 /* GLTF+SceneKit.swift */; };
		OBJ_68 /* GLTF.swift in Sources */ = {isa = PBXBuildFile; fileRef = OBJ_11 /* GLTF.swift */; };
		OBJ_69 /* GLTFAccessor.swift in Sources */ = {isa = PBXBuildFile; fileRef = OBJ_12 /* GLTFAccessor.swift */; };
		OBJ_70 /* GLTFAccessorSparse.swift in Sources */ = {isa = PBXBuildFile; fileRef = OBJ_13 /* GLTFAccessorSparse.swift */; };
		OBJ_71 /* GLTFAccessorSparseIndices.swift in Sources */ = {isa = PBXBuildFile; fileRef = OBJ_14 /* GLTFAccessorSparseIndices.swift */; };
		OBJ_72 /* GLTFAccessorSparseValues.swift in Sources */ = {isa = PBXBuildFile; fileRef = OBJ_15 /* GLTFAccessorSparseValues.swift */; };
		OBJ_73 /* GLTFAnimation.swift in Sources */ = {isa = PBXBuildFile; fileRef = OBJ_16 /* GLTFAnimation.swift */; };
		OBJ_74 /* GLTFAnimationChannel.swift in Sources */ = {isa = PBXBuildFile; fileRef = OBJ_17 /* GLTFAnimationChannel.swift */; };
		OBJ_75 /* GLTFAnimationChannelTarget.swift in Sources */ = {isa = PBXBuildFile; fileRef = OBJ_18 /* GLTFAnimationChannelTarget.swift */; };
		OBJ_76 /* GLTFAnimationSampler.swift in Sources */ = {isa = PBXBuildFile; fileRef = OBJ_19 /* GLTFAnimationSampler.swift */; };
		OBJ_77 /* GLTFAsset.swift in Sources */ = {isa = PBXBuildFile; fileRef = OBJ_20 /* GLTFAsset.swift */; };
		OBJ_78 /* GLTFBuffer.swift in Sources */ = {isa = PBXBuildFile; fileRef = OBJ_21 /* GLTFBuffer.swift */; };
		OBJ_79 /* GLTFBufferView.swift in Sources */ = {isa = PBXBuildFile; fileRef = OBJ_22 /* GLTFBufferView.swift */; };
		OBJ_80 /* GLTFCamera.swift in Sources */ = {isa = PBXBuildFile; fileRef = OBJ_23 /* GLTFCamera.swift */; };
		OBJ_81 /* GLTFCameraOrthographic.swift in Sources */ = {isa = PBXBuildFile; fileRef = OBJ_24 /* GLTFCameraOrthographic.swift */; };
		OBJ_82 /* GLTFCameraPerspective.swift in Sources */ = {isa = PBXBuildFile; fileRef = OBJ_25 /* GLTFCameraPerspective.swift */; };
		OBJ_83 /* GLTFImage.swift in Sources */ = {isa = PBXBuildFile; fileRef = OBJ_26 /* GLTFImage.swift */; };
		OBJ_84 /* GLTFMaterial.swift in Sources */ = {isa = PBXBuildFile; fileRef = OBJ_27 /* GLTFMaterial.swift */; };
		OBJ_85 /* GLTFMaterialNormalTextureInfo.swift in Sources */ = {isa = PBXBuildFile; fileRef = OBJ_28 /* GLTFMaterialNormalTextureInfo.swift */; };
		OBJ_86 /* GLTFMaterialOcclusionTextureInfo.swift in Sources */ = {isa = PBXBuildFile; fileRef = OBJ_29 /* GLTFMaterialOcclusionTextureInfo.swift */; };
		OBJ_87 /* GLTFMaterialPBRMetallicRoughness.swift in Sources */ = {isa = PBXBuildFile; fileRef = OBJ_30 /* GLTFMaterialPBRMetallicRoughness.swift */; };
		OBJ_88 /* GLTFMesh.swift in Sources */ = {isa = PBXBuildFile; fileRef = OBJ_31 /* GLTFMesh.swift */; };
		OBJ_89 /* GLTFMeshPrimitive.swift in Sources */ = {isa = PBXBuildFile; fileRef = OBJ_32 /* GLTFMeshPrimitive.swift */; };
		OBJ_90 /* GLTFNode.swift in Sources */ = {isa = PBXBuildFile; fileRef = OBJ_33 /* GLTFNode.swift */; };
		OBJ_91 /* GLTFSampler.swift in Sources */ = {isa = PBXBuildFile; fileRef = OBJ_34 /* GLTFSampler.swift */; };
		OBJ_92 /* GLTFScene.swift in Sources */ = {isa = PBXBuildFile; fileRef = OBJ_35 /* GLTFScene.swift */; };
		OBJ_93 /* GLTFSkin.swift in Sources */ = {isa = PBXBuildFile; fileRef = OBJ_36 /* GLTFSkin.swift */; };
		OBJ_94 /* GLTFTexture.swift in Sources */ = {isa = PBXBuildFile; fileRef = OBJ_37 /* GLTFTexture.swift */; };
		OBJ_95 /* GLTFTextureInfo.swift in Sources */ = {isa = PBXBuildFile; fileRef = OBJ_38 /* GLTFTextureInfo.swift */; };
		OBJ_96 /* Helper.swift in Sources */ = {isa = PBXBuildFile; fileRef = OBJ_39 /* Helper.swift */; };
/* End PBXBuildFile section */

/* Begin PBXContainerItemProxy section */
		D27BDF77203DC79D0036F3A7 /* PBXContainerItemProxy */ = {
			isa = PBXContainerItemProxy;
			containerPortal = OBJ_1 /* Project object */;
			proxyType = 1;
			remoteGlobalIDString = "gltf_scenekit::gltf_scenekit";
			remoteInfo = gltf_scenekit;
		};
/* End PBXContainerItemProxy section */

/* Begin PBXCopyFilesBuildPhase section */
		D243D2F920AC99260086CAFD /* CopyFiles */ = {
			isa = PBXCopyFilesBuildPhase;
			buildActionMask = 2147483647;
			dstPath = "";
			dstSubfolderSpec = 10;
			files = (
			);
			runOnlyForDeploymentPostprocessing = 0;
		};
		D2A67B9720AD8771007523AF /* CopyFiles */ = {
			isa = PBXCopyFilesBuildPhase;
			buildActionMask = 2147483647;
			dstPath = "";
			dstSubfolderSpec = 10;
			files = (
			);
			runOnlyForDeploymentPostprocessing = 0;
		};
		D2B06507214FE0CC00309D6F /* CopyFiles */ = {
			isa = PBXCopyFilesBuildPhase;
			buildActionMask = 2147483647;
			dstPath = "";
			dstSubfolderSpec = 10;
			files = (
			);
			runOnlyForDeploymentPostprocessing = 0;
		};
/* End PBXCopyFilesBuildPhase section */

/* Begin PBXFileReference section */
		49A51D182345E8BB002B5D24 /* GLTFConverter+Geometry.swift */ = {isa = PBXFileReference; lastKnownFileType = sourcecode.swift; path = "GLTFConverter+Geometry.swift"; sourceTree = "<group>"; };
		49A51D22234601B7002B5D24 /* GLTFConverter.swift */ = {isa = PBXFileReference; lastKnownFileType = sourcecode.swift; path = GLTFConverter.swift; sourceTree = "<group>"; };
		D215713A20402611009E9D16 /* JSONCodingKeys.swift */ = {isa = PBXFileReference; lastKnownFileType = sourcecode.swift; path = JSONCodingKeys.swift; sourceTree = "<group>"; };
		D2180CDD2087457D005353CF /* GLTF+Draco.swift */ = {isa = PBXFileReference; lastKnownFileType = sourcecode.swift; path = "GLTF+Draco.swift"; sourceTree = "<group>"; };
		D2750D132077B7AC00F6198D /* glTFSceneKit.framework */ = {isa = PBXFileReference; explicitFileType = wrapper.framework; includeInIndex = 0; path = glTFSceneKit.framework; sourceTree = BUILT_PRODUCTS_DIR; };
		D27BDF82203F0BEF0036F3A7 /* GLTFKHRDracoMeshCompressionExtension.swift */ = {isa = PBXFileReference; fileEncoding = 4; lastKnownFileType = sourcecode.swift; path = GLTFKHRDracoMeshCompressionExtension.swift; sourceTree = "<group>"; };
		D287556B2077CABB009B7FA9 /* GLTF+CompressedTexture.swift */ = {isa = PBXFileReference; lastKnownFileType = sourcecode.swift; path = "GLTF+CompressedTexture.swift"; sourceTree = "<group>"; };
		D287E3F4209602EB00EBCFD1 /* TextureStorageManager.swift */ = {isa = PBXFileReference; lastKnownFileType = sourcecode.swift; path = TextureStorageManager.swift; sourceTree = "<group>"; };
		D2A67BFF20ADB91B007523AF /* Draco.swift */ = {isa = PBXFileReference; fileEncoding = 4; lastKnownFileType = sourcecode.swift; name = Draco.swift; path = Draco/Draco/Draco.swift; sourceTree = "<group>"; };
		D2A67C0220ADB92F007523AF /* libdraco.a */ = {isa = PBXFileReference; lastKnownFileType = archive.ar; name = libdraco.a; path = Draco/libdraco.a; sourceTree = "<group>"; };
		D2A67C0420ADB93E007523AF /* libdraco_ios.a */ = {isa = PBXFileReference; lastKnownFileType = archive.ar; name = libdraco_ios.a; path = Draco/libdraco_ios.a; sourceTree = "<group>"; };
		D2A67C0B20ADB9D0007523AF /* glTFSceneKit-Bridging-Header.h */ = {isa = PBXFileReference; lastKnownFileType = sourcecode.c.h; path = "glTFSceneKit-Bridging-Header.h"; sourceTree = "<group>"; };
		D2AC651D205D578A0091D5E0 /* GLTF_3D4MCompressedTextureExtension.swift */ = {isa = PBXFileReference; fileEncoding = 4; lastKnownFileType = sourcecode.swift; path = GLTF_3D4MCompressedTextureExtension.swift; sourceTree = "<group>"; };
		D2AFCFBF208F1DE00048A9DA /* GLTF+Animation.swift */ = {isa = PBXFileReference; lastKnownFileType = sourcecode.swift; path = "GLTF+Animation.swift"; sourceTree = "<group>"; };
		D2AFCFC2208F2A010048A9DA /* GLTF+Material.swift */ = {isa = PBXFileReference; lastKnownFileType = sourcecode.swift; path = "GLTF+Material.swift"; sourceTree = "<group>"; };
		D2AFCFD1208F6F010048A9DA /* GLTFResourceLoader.swift */ = {isa = PBXFileReference; lastKnownFileType = sourcecode.swift; path = GLTFResourceLoader.swift; sourceTree = "<group>"; };
		D2B0650D214FE0CC00309D6F /* glTFSceneKit.framework */ = {isa = PBXFileReference; explicitFileType = wrapper.framework; includeInIndex = 0; path = glTFSceneKit.framework; sourceTree = BUILT_PRODUCTS_DIR; };
		D2B0651E214FEC7200309D6F /* libdraco_tvos.a */ = {isa = PBXFileReference; lastKnownFileType = archive.ar; name = libdraco_tvos.a; path = Draco/libdraco_tvos.a; sourceTree = "<group>"; };
		OBJ_11 /* GLTF.swift */ = {isa = PBXFileReference; lastKnownFileType = sourcecode.swift; path = GLTF.swift; sourceTree = "<group>"; };
		OBJ_12 /* GLTFAccessor.swift */ = {isa = PBXFileReference; lastKnownFileType = sourcecode.swift; path = GLTFAccessor.swift; sourceTree = "<group>"; };
		OBJ_13 /* GLTFAccessorSparse.swift */ = {isa = PBXFileReference; lastKnownFileType = sourcecode.swift; path = GLTFAccessorSparse.swift; sourceTree = "<group>"; };
		OBJ_14 /* GLTFAccessorSparseIndices.swift */ = {isa = PBXFileReference; lastKnownFileType = sourcecode.swift; path = GLTFAccessorSparseIndices.swift; sourceTree = "<group>"; };
		OBJ_15 /* GLTFAccessorSparseValues.swift */ = {isa = PBXFileReference; lastKnownFileType = sourcecode.swift; path = GLTFAccessorSparseValues.swift; sourceTree = "<group>"; };
		OBJ_16 /* GLTFAnimation.swift */ = {isa = PBXFileReference; lastKnownFileType = sourcecode.swift; path = GLTFAnimation.swift; sourceTree = "<group>"; };
		OBJ_17 /* GLTFAnimationChannel.swift */ = {isa = PBXFileReference; lastKnownFileType = sourcecode.swift; path = GLTFAnimationChannel.swift; sourceTree = "<group>"; };
		OBJ_18 /* GLTFAnimationChannelTarget.swift */ = {isa = PBXFileReference; lastKnownFileType = sourcecode.swift; path = GLTFAnimationChannelTarget.swift; sourceTree = "<group>"; };
		OBJ_19 /* GLTFAnimationSampler.swift */ = {isa = PBXFileReference; lastKnownFileType = sourcecode.swift; path = GLTFAnimationSampler.swift; sourceTree = "<group>"; };
		OBJ_20 /* GLTFAsset.swift */ = {isa = PBXFileReference; lastKnownFileType = sourcecode.swift; path = GLTFAsset.swift; sourceTree = "<group>"; };
		OBJ_21 /* GLTFBuffer.swift */ = {isa = PBXFileReference; lastKnownFileType = sourcecode.swift; path = GLTFBuffer.swift; sourceTree = "<group>"; };
		OBJ_22 /* GLTFBufferView.swift */ = {isa = PBXFileReference; lastKnownFileType = sourcecode.swift; path = GLTFBufferView.swift; sourceTree = "<group>"; };
		OBJ_23 /* GLTFCamera.swift */ = {isa = PBXFileReference; lastKnownFileType = sourcecode.swift; path = GLTFCamera.swift; sourceTree = "<group>"; };
		OBJ_24 /* GLTFCameraOrthographic.swift */ = {isa = PBXFileReference; lastKnownFileType = sourcecode.swift; path = GLTFCameraOrthographic.swift; sourceTree = "<group>"; };
		OBJ_25 /* GLTFCameraPerspective.swift */ = {isa = PBXFileReference; lastKnownFileType = sourcecode.swift; path = GLTFCameraPerspective.swift; sourceTree = "<group>"; };
		OBJ_26 /* GLTFImage.swift */ = {isa = PBXFileReference; lastKnownFileType = sourcecode.swift; path = GLTFImage.swift; sourceTree = "<group>"; };
		OBJ_27 /* GLTFMaterial.swift */ = {isa = PBXFileReference; lastKnownFileType = sourcecode.swift; path = GLTFMaterial.swift; sourceTree = "<group>"; };
		OBJ_28 /* GLTFMaterialNormalTextureInfo.swift */ = {isa = PBXFileReference; lastKnownFileType = sourcecode.swift; path = GLTFMaterialNormalTextureInfo.swift; sourceTree = "<group>"; };
		OBJ_29 /* GLTFMaterialOcclusionTextureInfo.swift */ = {isa = PBXFileReference; lastKnownFileType = sourcecode.swift; path = GLTFMaterialOcclusionTextureInfo.swift; sourceTree = "<group>"; };
		OBJ_30 /* GLTFMaterialPBRMetallicRoughness.swift */ = {isa = PBXFileReference; lastKnownFileType = sourcecode.swift; path = GLTFMaterialPBRMetallicRoughness.swift; sourceTree = "<group>"; };
		OBJ_31 /* GLTFMesh.swift */ = {isa = PBXFileReference; lastKnownFileType = sourcecode.swift; path = GLTFMesh.swift; sourceTree = "<group>"; };
		OBJ_32 /* GLTFMeshPrimitive.swift */ = {isa = PBXFileReference; lastKnownFileType = sourcecode.swift; path = GLTFMeshPrimitive.swift; sourceTree = "<group>"; };
		OBJ_33 /* GLTFNode.swift */ = {isa = PBXFileReference; lastKnownFileType = sourcecode.swift; path = GLTFNode.swift; sourceTree = "<group>"; };
		OBJ_34 /* GLTFSampler.swift */ = {isa = PBXFileReference; lastKnownFileType = sourcecode.swift; path = GLTFSampler.swift; sourceTree = "<group>"; };
		OBJ_35 /* GLTFScene.swift */ = {isa = PBXFileReference; lastKnownFileType = sourcecode.swift; path = GLTFScene.swift; sourceTree = "<group>"; };
		OBJ_36 /* GLTFSkin.swift */ = {isa = PBXFileReference; lastKnownFileType = sourcecode.swift; path = GLTFSkin.swift; sourceTree = "<group>"; };
		OBJ_37 /* GLTFTexture.swift */ = {isa = PBXFileReference; lastKnownFileType = sourcecode.swift; path = GLTFTexture.swift; sourceTree = "<group>"; };
		OBJ_38 /* GLTFTextureInfo.swift */ = {isa = PBXFileReference; lastKnownFileType = sourcecode.swift; path = GLTFTextureInfo.swift; sourceTree = "<group>"; };
		OBJ_39 /* Helper.swift */ = {isa = PBXFileReference; lastKnownFileType = sourcecode.swift; path = Helper.swift; sourceTree = "<group>"; };
		OBJ_42 /* gltf_scenekitTests.swift */ = {isa = PBXFileReference; lastKnownFileType = sourcecode.swift; path = gltf_scenekitTests.swift; sourceTree = "<group>"; };
		OBJ_6 /* Package.swift */ = {isa = PBXFileReference; explicitFileType = sourcecode.swift; path = Package.swift; sourceTree = "<group>"; };
		OBJ_9 /* GLTF+SceneKit.swift */ = {isa = PBXFileReference; lastKnownFileType = sourcecode.swift; path = "GLTF+SceneKit.swift"; sourceTree = "<group>"; };
		"gltf_scenekit::gltf_scenekit::Product" /* glTFSceneKit.framework */ = {isa = PBXFileReference; explicitFileType = wrapper.framework; path = glTFSceneKit.framework; sourceTree = BUILT_PRODUCTS_DIR; };
		"gltf_scenekit::gltf_scenekitTests::Product" /* glTFSceneKitTests.xctest */ = {isa = PBXFileReference; explicitFileType = wrapper.cfbundle; path = glTFSceneKitTests.xctest; sourceTree = BUILT_PRODUCTS_DIR; };
/* End PBXFileReference section */

/* Begin PBXFrameworksBuildPhase section */
		D2750D0E2077B7AC00F6198D /* Frameworks */ = {
			isa = PBXFrameworksBuildPhase;
			buildActionMask = 0;
			files = (
				D2A67C0520ADB93E007523AF /* libdraco_ios.a in Frameworks */,
			);
			runOnlyForDeploymentPostprocessing = 0;
		};
		D2B06505214FE0CC00309D6F /* Frameworks */ = {
			isa = PBXFrameworksBuildPhase;
			buildActionMask = 0;
			files = (
				D2B0651F214FEC7200309D6F /* libdraco_tvos.a in Frameworks */,
			);
			runOnlyForDeploymentPostprocessing = 0;
		};
		OBJ_59 /* Frameworks */ = {
			isa = PBXFrameworksBuildPhase;
			buildActionMask = 0;
			files = (
				OBJ_60 /* glTFSceneKit.framework in Frameworks */,
			);
			runOnlyForDeploymentPostprocessing = 0;
		};
		OBJ_97 /* Frameworks */ = {
			isa = PBXFrameworksBuildPhase;
			buildActionMask = 0;
			files = (
				D2A67C0320ADB92F007523AF /* libdraco.a in Frameworks */,
			);
			runOnlyForDeploymentPostprocessing = 0;
		};
/* End PBXFrameworksBuildPhase section */

/* Begin PBXGroup section */
		D27BDF7B203DCE6E0036F3A7 /* Frameworks */ = {
			isa = PBXGroup;
			children = (
				D2B0651E214FEC7200309D6F /* libdraco_tvos.a */,
				D2A67C0420ADB93E007523AF /* libdraco_ios.a */,
				D2A67C0220ADB92F007523AF /* libdraco.a */,
			);
			name = Frameworks;
			sourceTree = "<group>";
		};
		OBJ_10 /* GLTF */ = {
			isa = PBXGroup;
			children = (
				OBJ_11 /* GLTF.swift */,
				OBJ_12 /* GLTFAccessor.swift */,
				OBJ_13 /* GLTFAccessorSparse.swift */,
				OBJ_14 /* GLTFAccessorSparseIndices.swift */,
				OBJ_15 /* GLTFAccessorSparseValues.swift */,
				OBJ_16 /* GLTFAnimation.swift */,
				OBJ_17 /* GLTFAnimationChannel.swift */,
				OBJ_18 /* GLTFAnimationChannelTarget.swift */,
				OBJ_19 /* GLTFAnimationSampler.swift */,
				OBJ_20 /* GLTFAsset.swift */,
				OBJ_21 /* GLTFBuffer.swift */,
				OBJ_22 /* GLTFBufferView.swift */,
				OBJ_23 /* GLTFCamera.swift */,
				OBJ_24 /* GLTFCameraOrthographic.swift */,
				OBJ_25 /* GLTFCameraPerspective.swift */,
				OBJ_26 /* GLTFImage.swift */,
				OBJ_27 /* GLTFMaterial.swift */,
				OBJ_28 /* GLTFMaterialNormalTextureInfo.swift */,
				OBJ_29 /* GLTFMaterialOcclusionTextureInfo.swift */,
				OBJ_30 /* GLTFMaterialPBRMetallicRoughness.swift */,
				OBJ_31 /* GLTFMesh.swift */,
				OBJ_32 /* GLTFMeshPrimitive.swift */,
				OBJ_33 /* GLTFNode.swift */,
				OBJ_34 /* GLTFSampler.swift */,
				OBJ_35 /* GLTFScene.swift */,
				OBJ_36 /* GLTFSkin.swift */,
				OBJ_37 /* GLTFTexture.swift */,
				OBJ_38 /* GLTFTextureInfo.swift */,
				D27BDF82203F0BEF0036F3A7 /* GLTFKHRDracoMeshCompressionExtension.swift */,
				D215713A20402611009E9D16 /* JSONCodingKeys.swift */,
			);
			path = GLTF;
			sourceTree = "<group>";
		};
		OBJ_40 /* Tests */ = {
			isa = PBXGroup;
			children = (
				OBJ_41 /* gltf_scenekitTests */,
			);
			name = Tests;
			sourceTree = SOURCE_ROOT;
		};
		OBJ_41 /* gltf_scenekitTests */ = {
			isa = PBXGroup;
			children = (
				OBJ_42 /* gltf_scenekitTests.swift */,
			);
			name = gltf_scenekitTests;
			path = Tests/glTFSceneKitTests;
			sourceTree = SOURCE_ROOT;
		};
		OBJ_43 /* Dependencies */ = {
			isa = PBXGroup;
			children = (
			);
			name = Dependencies;
			sourceTree = "<group>";
		};
		OBJ_44 /* Products */ = {
			isa = PBXGroup;
			children = (
				"gltf_scenekit::gltf_scenekitTests::Product" /* glTFSceneKitTests.xctest */,
				"gltf_scenekit::gltf_scenekit::Product" /* glTFSceneKit.framework */,
				D2750D132077B7AC00F6198D /* glTFSceneKit.framework */,
				D2B0650D214FE0CC00309D6F /* glTFSceneKit.framework */,
			);
			name = Products;
			sourceTree = BUILT_PRODUCTS_DIR;
		};
		OBJ_5 = {
			isa = PBXGroup;
			children = (
				OBJ_6 /* Package.swift */,
				D2A67C0B20ADB9D0007523AF /* glTFSceneKit-Bridging-Header.h */,
				D2A67BFF20ADB91B007523AF /* Draco.swift */,
				OBJ_7 /* Sources */,
				OBJ_40 /* Tests */,
				OBJ_43 /* Dependencies */,
				OBJ_44 /* Products */,
				D27BDF7B203DCE6E0036F3A7 /* Frameworks */,
			);
			sourceTree = "<group>";
		};
		OBJ_7 /* Sources */ = {
			isa = PBXGroup;
			children = (
				OBJ_8 /* glTFSceneKit */,
			);
			name = Sources;
			sourceTree = SOURCE_ROOT;
		};
		OBJ_8 /* glTFSceneKit */ = {
			isa = PBXGroup;
			children = (
				49A51D22234601B7002B5D24 /* GLTFConverter.swift */,
				49A51D182345E8BB002B5D24 /* GLTFConverter+Geometry.swift */,
				OBJ_9 /* GLTF+SceneKit.swift */,
				D2AFCFC2208F2A010048A9DA /* GLTF+Material.swift */,
				D287556B2077CABB009B7FA9 /* GLTF+CompressedTexture.swift */,
				D2180CDD2087457D005353CF /* GLTF+Draco.swift */,
				D2AFCFD1208F6F010048A9DA /* GLTFResourceLoader.swift */,
				D2AFCFBF208F1DE00048A9DA /* GLTF+Animation.swift */,
				OBJ_10 /* GLTF */,
				D2AC651D205D578A0091D5E0 /* GLTF_3D4MCompressedTextureExtension.swift */,
				D287E3F4209602EB00EBCFD1 /* TextureStorageManager.swift */,
				OBJ_39 /* Helper.swift */,
			);
			name = glTFSceneKit;
			path = Sources/glTFSceneKit;
			sourceTree = SOURCE_ROOT;
		};
/* End PBXGroup section */

/* Begin PBXHeadersBuildPhase section */
		D2A67C0720ADB992007523AF /* Headers */ = {
			isa = PBXHeadersBuildPhase;
			buildActionMask = 2147483647;
			files = (
				D256CD0720B2B9F2002E841E /* glTFSceneKit-Bridging-Header.h in Headers */,
			);
			runOnlyForDeploymentPostprocessing = 0;
		};
		D2A67C0820ADB998007523AF /* Headers */ = {
			isa = PBXHeadersBuildPhase;
			buildActionMask = 2147483647;
			files = (
				D256CD0620B2B9F1002E841E /* glTFSceneKit-Bridging-Header.h in Headers */,
			);
			runOnlyForDeploymentPostprocessing = 0;
		};
		D2B06508214FE0CC00309D6F /* Headers */ = {
			isa = PBXHeadersBuildPhase;
			buildActionMask = 2147483647;
			files = (
				D2B06509214FE0CC00309D6F /* glTFSceneKit-Bridging-Header.h in Headers */,
			);
			runOnlyForDeploymentPostprocessing = 0;
		};
/* End PBXHeadersBuildPhase section */

/* Begin PBXNativeTarget section */
		D2750CEA2077B7AC00F6198D /* glTFSceneKit (iOS) */ = {
			isa = PBXNativeTarget;
			buildConfigurationList = D2750D102077B7AC00F6198D /* Build configuration list for PBXNativeTarget "glTFSceneKit (iOS)" */;
			buildPhases = (
				D2750CEB2077B7AC00F6198D /* ShellScript */,
				D2750CEC2077B7AC00F6198D /* Sources */,
				D2750D0E2077B7AC00F6198D /* Frameworks */,
				D243D2F920AC99260086CAFD /* CopyFiles */,
				D2A67C0820ADB998007523AF /* Headers */,
			);
			buildRules = (
			);
			dependencies = (
			);
			name = "glTFSceneKit (iOS)";
			productName = gltf_scenekit;
			productReference = D2750D132077B7AC00F6198D /* glTFSceneKit.framework */;
			productType = "com.apple.product-type.framework";
		};
		D2B064DA214FE0CC00309D6F /* glTFSceneKit (tvOS) */ = {
			isa = PBXNativeTarget;
			buildConfigurationList = D2B0650A214FE0CC00309D6F /* Build configuration list for PBXNativeTarget "glTFSceneKit (tvOS)" */;
			buildPhases = (
				D2B064DB214FE0CC00309D6F /* ShellScript */,
				D2B064DC214FE0CC00309D6F /* Sources */,
				D2B06505214FE0CC00309D6F /* Frameworks */,
				D2B06507214FE0CC00309D6F /* CopyFiles */,
				D2B06508214FE0CC00309D6F /* Headers */,
			);
			buildRules = (
			);
			dependencies = (
			);
			name = "glTFSceneKit (tvOS)";
			productName = gltf_scenekit;
			productReference = D2B0650D214FE0CC00309D6F /* glTFSceneKit.framework */;
			productType = "com.apple.product-type.framework";
		};
		"gltf_scenekit::gltf_scenekit" /* glTFSceneKit */ = {
			isa = PBXNativeTarget;
			buildConfigurationList = OBJ_63 /* Build configuration list for PBXNativeTarget "glTFSceneKit" */;
			buildPhases = (
				D2DC4CE820568D31004C8F45 /* ShellScript */,
				OBJ_66 /* Sources */,
				OBJ_97 /* Frameworks */,
				D2A67B9720AD8771007523AF /* CopyFiles */,
				D2A67C0720ADB992007523AF /* Headers */,
			);
			buildRules = (
			);
			dependencies = (
			);
			name = glTFSceneKit;
			productName = gltf_scenekit;
			productReference = "gltf_scenekit::gltf_scenekit::Product" /* glTFSceneKit.framework */;
			productType = "com.apple.product-type.framework";
		};
		"gltf_scenekit::gltf_scenekitTests" /* glTFSceneKitTests */ = {
			isa = PBXNativeTarget;
			buildConfigurationList = OBJ_54 /* Build configuration list for PBXNativeTarget "glTFSceneKitTests" */;
			buildPhases = (
				OBJ_57 /* Sources */,
				OBJ_59 /* Frameworks */,
			);
			buildRules = (
			);
			dependencies = (
				OBJ_61 /* PBXTargetDependency */,
			);
			name = glTFSceneKitTests;
			productName = gltf_scenekitTests;
			productReference = "gltf_scenekit::gltf_scenekitTests::Product" /* glTFSceneKitTests.xctest */;
			productType = "com.apple.product-type.bundle.unit-test";
		};
/* End PBXNativeTarget section */

/* Begin PBXProject section */
		OBJ_1 /* Project object */ = {
			isa = PBXProject;
			attributes = {
				LastUpgradeCheck = 1020;
				TargetAttributes = {
					D2750CEA2077B7AC00F6198D = {
						ProvisioningStyle = Manual;
					};
					D2B064DA214FE0CC00309D6F = {
						LastSwiftMigration = 1020;
						ProvisioningStyle = Manual;
					};
					"gltf_scenekit::gltf_scenekit" = {
						LastSwiftMigration = 1020;
						ProvisioningStyle = Automatic;
					};
				};
			};
			buildConfigurationList = OBJ_2 /* Build configuration list for PBXProject "glTFSceneKit" */;
			compatibilityVersion = "Xcode 3.2";
			developmentRegion = en;
			hasScannedForEncodings = 0;
			knownRegions = (
				en,
				Base,
			);
			mainGroup = OBJ_5;
			productRefGroup = OBJ_44 /* Products */;
			projectDirPath = "";
			projectRoot = "";
			targets = (
				"gltf_scenekit::gltf_scenekit" /* glTFSceneKit */,
				D2750CEA2077B7AC00F6198D /* glTFSceneKit (iOS) */,
				D2B064DA214FE0CC00309D6F /* glTFSceneKit (tvOS) */,
				"gltf_scenekit::gltf_scenekitTests" /* glTFSceneKitTests */,
			);
		};
/* End PBXProject section */

/* Begin PBXShellScriptBuildPhase section */
		D2750CEB2077B7AC00F6198D /* ShellScript */ = {
			isa = PBXShellScriptBuildPhase;
			buildActionMask = 2147483647;
			files = (
			);
			inputPaths = (
			);
			outputPaths = (
			);
			runOnlyForDeploymentPostprocessing = 0;
			shellPath = /bin/sh;
			shellScript = "swift package update";
		};
		D2B064DB214FE0CC00309D6F /* ShellScript */ = {
			isa = PBXShellScriptBuildPhase;
			buildActionMask = 2147483647;
			files = (
			);
			inputPaths = (
			);
			outputPaths = (
			);
			runOnlyForDeploymentPostprocessing = 0;
			shellPath = /bin/sh;
			shellScript = "swift package update";
		};
		D2DC4CE820568D31004C8F45 /* ShellScript */ = {
			isa = PBXShellScriptBuildPhase;
			buildActionMask = 2147483647;
			files = (
			);
			inputPaths = (
			);
			outputPaths = (
			);
			runOnlyForDeploymentPostprocessing = 0;
			shellPath = /bin/sh;
			shellScript = "swift package update";
		};
/* End PBXShellScriptBuildPhase section */

/* Begin PBXSourcesBuildPhase section */
		D2750CEC2077B7AC00F6198D /* Sources */ = {
			isa = PBXSourcesBuildPhase;
			buildActionMask = 0;
			files = (
				D2750CED2077B7AC00F6198D /* GLTF+SceneKit.swift in Sources */,
				D2750CEE2077B7AC00F6198D /* GLTF.swift in Sources */,
				49A51D1A2345E8BB002B5D24 /* GLTFConverter+Geometry.swift in Sources */,
				D2750CEF2077B7AC00F6198D /* GLTFAccessor.swift in Sources */,
				D2750CF02077B7AC00F6198D /* GLTFAccessorSparse.swift in Sources */,
				D2750CF12077B7AC00F6198D /* GLTFAccessorSparseIndices.swift in Sources */,
				D2750CF22077B7AC00F6198D /* GLTFAccessorSparseValues.swift in Sources */,
				D2750CF32077B7AC00F6198D /* GLTFAnimation.swift in Sources */,
				D2AFCFC1208F1DE00048A9DA /* GLTF+Animation.swift in Sources */,
				D2750CF42077B7AC00F6198D /* GLTFAnimationChannel.swift in Sources */,
				D2750CF52077B7AC00F6198D /* GLTFAnimationChannelTarget.swift in Sources */,
				D2750CF62077B7AC00F6198D /* GLTFAnimationSampler.swift in Sources */,
				D2750CF72077B7AC00F6198D /* GLTF_3D4MCompressedTextureExtension.swift in Sources */,
				D2AFCFC4208F2A010048A9DA /* GLTF+Material.swift in Sources */,
				D2750CF82077B7AC00F6198D /* GLTFAsset.swift in Sources */,
				D2750CF92077B7AC00F6198D /* GLTFBuffer.swift in Sources */,
				D2A67C0120ADB91B007523AF /* Draco.swift in Sources */,
				D2750CFA2077B7AC00F6198D /* GLTFBufferView.swift in Sources */,
				D2750CFB2077B7AC00F6198D /* GLTFCamera.swift in Sources */,
				D2AFCFD3208F6F010048A9DA /* GLTFResourceLoader.swift in Sources */,
				D2750CFC2077B7AC00F6198D /* GLTFCameraOrthographic.swift in Sources */,
				49A51D24234601B7002B5D24 /* GLTFConverter.swift in Sources */,
				D2750CFD2077B7AC00F6198D /* GLTFCameraPerspective.swift in Sources */,
				D2750CFE2077B7AC00F6198D /* GLTFImage.swift in Sources */,
				D2750CFF2077B7AC00F6198D /* GLTFMaterial.swift in Sources */,
				D2750D002077B7AC00F6198D /* GLTFMaterialNormalTextureInfo.swift in Sources */,
				D2750D012077B7AC00F6198D /* GLTFMaterialOcclusionTextureInfo.swift in Sources */,
				D2750D022077B7AC00F6198D /* GLTFMaterialPBRMetallicRoughness.swift in Sources */,
				D2750D032077B7AC00F6198D /* GLTFMesh.swift in Sources */,
				D2750D042077B7AC00F6198D /* GLTFKHRDracoMeshCompressionExtension.swift in Sources */,
				D2750D052077B7AC00F6198D /* GLTFMeshPrimitive.swift in Sources */,
				D2750D062077B7AC00F6198D /* GLTFNode.swift in Sources */,
				D287556E2077CB1B009B7FA9 /* GLTF+CompressedTexture.swift in Sources */,
				D2750D072077B7AC00F6198D /* JSONCodingKeys.swift in Sources */,
				D2750D082077B7AC00F6198D /* GLTFSampler.swift in Sources */,
				D2750D092077B7AC00F6198D /* GLTFScene.swift in Sources */,
				D2180CE0208745A7005353CF /* GLTF+Draco.swift in Sources */,
				D2750D0A2077B7AC00F6198D /* GLTFSkin.swift in Sources */,
				D287E3F6209602EB00EBCFD1 /* TextureStorageManager.swift in Sources */,
				D2750D0B2077B7AC00F6198D /* GLTFTexture.swift in Sources */,
				D2750D0C2077B7AC00F6198D /* GLTFTextureInfo.swift in Sources */,
				D2750D0D2077B7AC00F6198D /* Helper.swift in Sources */,
			);
			runOnlyForDeploymentPostprocessing = 0;
		};
		D2B064DC214FE0CC00309D6F /* Sources */ = {
			isa = PBXSourcesBuildPhase;
			buildActionMask = 0;
			files = (
				D2B064DD214FE0CC00309D6F /* GLTF+SceneKit.swift in Sources */,
				D2B064DE214FE0CC00309D6F /* GLTF.swift in Sources */,
				49A51D1B2345E8BB002B5D24 /* GLTFConverter+Geometry.swift in Sources */,
				D2B064DF214FE0CC00309D6F /* GLTFAccessor.swift in Sources */,
				D2B064E0214FE0CC00309D6F /* GLTFAccessorSparse.swift in Sources */,
				D2B064E1214FE0CC00309D6F /* GLTFAccessorSparseIndices.swift in Sources */,
				D2B064E2214FE0CC00309D6F /* GLTFAccessorSparseValues.swift in Sources */,
				D2B064E3214FE0CC00309D6F /* GLTFAnimation.swift in Sources */,
				D2B064E4214FE0CC00309D6F /* GLTF+Animation.swift in Sources */,
				D2B064E5214FE0CC00309D6F /* GLTFAnimationChannel.swift in Sources */,
				D2B064E6214FE0CC00309D6F /* GLTFAnimationChannelTarget.swift in Sources */,
				D2B064E7214FE0CC00309D6F /* GLTFAnimationSampler.swift in Sources */,
				D2B064E8214FE0CC00309D6F /* GLTF_3D4MCompressedTextureExtension.swift in Sources */,
				D2B064E9214FE0CC00309D6F /* GLTF+Material.swift in Sources */,
				D2B064EA214FE0CC00309D6F /* GLTFAsset.swift in Sources */,
				D2B064EB214FE0CC00309D6F /* GLTFBuffer.swift in Sources */,
				D2B064EC214FE0CC00309D6F /* Draco.swift in Sources */,
				D2B064ED214FE0CC00309D6F /* GLTFBufferView.swift in Sources */,
				D2B064EE214FE0CC00309D6F /* GLTFCamera.swift in Sources */,
				D2B064EF214FE0CC00309D6F /* GLTFResourceLoader.swift in Sources */,
				D2B064F0214FE0CC00309D6F /* GLTFCameraOrthographic.swift in Sources */,
				49A51D25234601B7002B5D24 /* GLTFConverter.swift in Sources */,
				D2B064F1214FE0CC00309D6F /* GLTFCameraPerspective.swift in Sources */,
				D2B064F2214FE0CC00309D6F /* GLTFImage.swift in Sources */,
				D2B064F3214FE0CC00309D6F /* GLTFMaterial.swift in Sources */,
				D2B064F4214FE0CC00309D6F /* GLTFMaterialNormalTextureInfo.swift in Sources */,
				D2B064F5214FE0CC00309D6F /* GLTFMaterialOcclusionTextureInfo.swift in Sources */,
				D2B064F6214FE0CC00309D6F /* GLTFMaterialPBRMetallicRoughness.swift in Sources */,
				D2B064F7214FE0CC00309D6F /* GLTFMesh.swift in Sources */,
				D2B064F8214FE0CC00309D6F /* GLTFKHRDracoMeshCompressionExtension.swift in Sources */,
				D2B064F9214FE0CC00309D6F /* GLTFMeshPrimitive.swift in Sources */,
				D2B064FA214FE0CC00309D6F /* GLTFNode.swift in Sources */,
				D2B064FB214FE0CC00309D6F /* GLTF+CompressedTexture.swift in Sources */,
				D2B064FC214FE0CC00309D6F /* JSONCodingKeys.swift in Sources */,
				D2B064FD214FE0CC00309D6F /* GLTFSampler.swift in Sources */,
				D2B064FE214FE0CC00309D6F /* GLTFScene.swift in Sources */,
				D2B064FF214FE0CC00309D6F /* GLTF+Draco.swift in Sources */,
				D2B06500214FE0CC00309D6F /* GLTFSkin.swift in Sources */,
				D2B06501214FE0CC00309D6F /* TextureStorageManager.swift in Sources */,
				D2B06502214FE0CC00309D6F /* GLTFTexture.swift in Sources */,
				D2B06503214FE0CC00309D6F /* GLTFTextureInfo.swift in Sources */,
				D2B06504214FE0CC00309D6F /* Helper.swift in Sources */,
			);
			runOnlyForDeploymentPostprocessing = 0;
		};
		OBJ_57 /* Sources */ = {
			isa = PBXSourcesBuildPhase;
			buildActionMask = 0;
			files = (
				49A51D26234601B7002B5D24 /* GLTFConverter.swift in Sources */,
				49A51D1C2345E8BB002B5D24 /* GLTFConverter+Geometry.swift in Sources */,
				OBJ_58 /* gltf_scenekitTests.swift in Sources */,
			);
			runOnlyForDeploymentPostprocessing = 0;
		};
		OBJ_66 /* Sources */ = {
			isa = PBXSourcesBuildPhase;
			buildActionMask = 0;
			files = (
				OBJ_67 /* GLTF+SceneKit.swift in Sources */,
				OBJ_68 /* GLTF.swift in Sources */,
				49A51D192345E8BB002B5D24 /* GLTFConverter+Geometry.swift in Sources */,
				OBJ_69 /* GLTFAccessor.swift in Sources */,
				OBJ_70 /* GLTFAccessorSparse.swift in Sources */,
				OBJ_71 /* GLTFAccessorSparseIndices.swift in Sources */,
				OBJ_72 /* GLTFAccessorSparseValues.swift in Sources */,
				OBJ_73 /* GLTFAnimation.swift in Sources */,
				D2AFCFC0208F1DE00048A9DA /* GLTF+Animation.swift in Sources */,
				OBJ_74 /* GLTFAnimationChannel.swift in Sources */,
				OBJ_75 /* GLTFAnimationChannelTarget.swift in Sources */,
				OBJ_76 /* GLTFAnimationSampler.swift in Sources */,
				D2AC651E205D578B0091D5E0 /* GLTF_3D4MCompressedTextureExtension.swift in Sources */,
				D2AFCFC3208F2A010048A9DA /* GLTF+Material.swift in Sources */,
				OBJ_77 /* GLTFAsset.swift in Sources */,
				OBJ_78 /* GLTFBuffer.swift in Sources */,
				D2A67C0020ADB91B007523AF /* Draco.swift in Sources */,
				OBJ_79 /* GLTFBufferView.swift in Sources */,
				OBJ_80 /* GLTFCamera.swift in Sources */,
				D2AFCFD2208F6F010048A9DA /* GLTFResourceLoader.swift in Sources */,
				OBJ_81 /* GLTFCameraOrthographic.swift in Sources */,
				49A51D23234601B7002B5D24 /* GLTFConverter.swift in Sources */,
				OBJ_82 /* GLTFCameraPerspective.swift in Sources */,
				OBJ_83 /* GLTFImage.swift in Sources */,
				OBJ_84 /* GLTFMaterial.swift in Sources */,
				OBJ_85 /* GLTFMaterialNormalTextureInfo.swift in Sources */,
				OBJ_86 /* GLTFMaterialOcclusionTextureInfo.swift in Sources */,
				OBJ_87 /* GLTFMaterialPBRMetallicRoughness.swift in Sources */,
				OBJ_88 /* GLTFMesh.swift in Sources */,
				D27BDF83203F0BEF0036F3A7 /* GLTFKHRDracoMeshCompressionExtension.swift in Sources */,
				OBJ_89 /* GLTFMeshPrimitive.swift in Sources */,
				OBJ_90 /* GLTFNode.swift in Sources */,
				D287556D2077CB16009B7FA9 /* GLTF+CompressedTexture.swift in Sources */,
				D2157142204035E3009E9D16 /* JSONCodingKeys.swift in Sources */,
				OBJ_91 /* GLTFSampler.swift in Sources */,
				OBJ_92 /* GLTFScene.swift in Sources */,
				D2180CDF208745A6005353CF /* GLTF+Draco.swift in Sources */,
				OBJ_93 /* GLTFSkin.swift in Sources */,
				D287E3F5209602EB00EBCFD1 /* TextureStorageManager.swift in Sources */,
				OBJ_94 /* GLTFTexture.swift in Sources */,
				OBJ_95 /* GLTFTextureInfo.swift in Sources */,
				OBJ_96 /* Helper.swift in Sources */,
			);
			runOnlyForDeploymentPostprocessing = 0;
		};
/* End PBXSourcesBuildPhase section */

/* Begin PBXTargetDependency section */
		OBJ_61 /* PBXTargetDependency */ = {
			isa = PBXTargetDependency;
			target = "gltf_scenekit::gltf_scenekit" /* glTFSceneKit */;
			targetProxy = D27BDF77203DC79D0036F3A7 /* PBXContainerItemProxy */;
		};
/* End PBXTargetDependency section */

/* Begin XCBuildConfiguration section */
		D2750D112077B7AC00F6198D /* Debug */ = {
			isa = XCBuildConfiguration;
			buildSettings = {
				ALWAYS_EMBED_SWIFT_STANDARD_LIBRARIES = NO;
				BITCODE_GENERATION_MODE = bitcode;
				CLANG_ENABLE_MODULES = YES;
				CODE_SIGN_IDENTITY = "";
				CODE_SIGN_STYLE = Manual;
				DEFINES_MODULE = YES;
				DEVELOPMENT_TEAM = "";
				ENABLE_TESTABILITY = YES;
				FRAMEWORK_SEARCH_PATHS = (
					"$(inherited)",
					"$(PROJECT_DIR)/Draco",
				);
				HEADER_SEARCH_PATHS = (
					"$(inherited)",
					"$(PROJECT_DIR)/Draco",
				);
				INFOPLIST_FILE = glTFSceneKit.xcodeproj/gltf_scenekit_ios_Info.plist;
				IPHONEOS_DEPLOYMENT_TARGET = 11.0;
				LD_DYLIB_INSTALL_NAME = "$(DYLIB_INSTALL_NAME_BASE:standardizepath)/$(EXECUTABLE_PATH)";
				LD_RUNPATH_SEARCH_PATHS = "$(TOOLCHAIN_DIR)/usr/lib/swift/macosx";
				LIBRARY_SEARCH_PATHS = "$(PROJECT_DIR)/Draco";
				MACOSX_DEPLOYMENT_TARGET = 10.12;
				OTHER_LDFLAGS = (
					"$(inherited)",
					"-lc++",
				);
				OTHER_SWIFT_FLAGS = "$(inherited) -DDEBUG";
				PRODUCT_BUNDLE_IDENTIFIER = org.glTFSceneKit;
				PRODUCT_MODULE_NAME = "$(TARGET_NAME:c99extidentifier)";
				PRODUCT_NAME = "$(TARGET_NAME)";
				PROVISIONING_PROFILE_SPECIFIER = "";
				SDKROOT = iphoneos;
				SKIP_INSTALL = YES;
				SUPPORTED_PLATFORMS = "iphonesimulator iphoneos";
				SWIFT_OBJC_BRIDGING_HEADER = "glTFSceneKit-Bridging-Header.h";
				SWIFT_VERSION = 4.0;
				TARGETED_DEVICE_FAMILY = "1,2";
				TARGET_NAME = glTFSceneKit;
				VALID_ARCHS = arm64;
			};
			name = Debug;
		};
		D2750D122077B7AC00F6198D /* Release */ = {
			isa = XCBuildConfiguration;
			buildSettings = {
				ALWAYS_EMBED_SWIFT_STANDARD_LIBRARIES = NO;
				CLANG_ENABLE_MODULES = YES;
				CODE_SIGN_IDENTITY = "";
				CODE_SIGN_STYLE = Manual;
				DEFINES_MODULE = YES;
				DEVELOPMENT_TEAM = "";
				ENABLE_TESTABILITY = YES;
				FRAMEWORK_SEARCH_PATHS = (
					"$(inherited)",
					"$(PROJECT_DIR)/Draco",
				);
				HEADER_SEARCH_PATHS = (
					"$(inherited)",
					"$(PROJECT_DIR)/Draco",
				);
				INFOPLIST_FILE = glTFSceneKit.xcodeproj/gltf_scenekit_ios_Info.plist;
				IPHONEOS_DEPLOYMENT_TARGET = 11.0;
				LD_DYLIB_INSTALL_NAME = "$(DYLIB_INSTALL_NAME_BASE:standardizepath)/$(EXECUTABLE_PATH)";
				LD_RUNPATH_SEARCH_PATHS = "$(TOOLCHAIN_DIR)/usr/lib/swift/macosx";
				LIBRARY_SEARCH_PATHS = "$(PROJECT_DIR)/Draco";
				MACOSX_DEPLOYMENT_TARGET = 10.12;
				OTHER_LDFLAGS = (
					"$(inherited)",
					"-lc++",
				);
				OTHER_SWIFT_FLAGS = "$(inherited)";
				PRODUCT_BUNDLE_IDENTIFIER = org.glTFSceneKit;
				PRODUCT_MODULE_NAME = "$(TARGET_NAME:c99extidentifier)";
				PRODUCT_NAME = "$(TARGET_NAME)";
				PROVISIONING_PROFILE_SPECIFIER = "";
				SDKROOT = iphoneos;
				SKIP_INSTALL = YES;
				SUPPORTED_PLATFORMS = "iphonesimulator iphoneos";
				SWIFT_OBJC_BRIDGING_HEADER = "glTFSceneKit-Bridging-Header.h";
				SWIFT_VERSION = 4.0;
				TARGETED_DEVICE_FAMILY = "1,2";
				TARGET_NAME = glTFSceneKit;
				VALID_ARCHS = arm64;
			};
			name = Release;
		};
		D2B0650B214FE0CC00309D6F /* Debug */ = {
			isa = XCBuildConfiguration;
			buildSettings = {
				CLANG_ENABLE_MODULES = YES;
				CODE_SIGN_IDENTITY = "";
				CODE_SIGN_STYLE = Manual;
				DEFINES_MODULE = YES;
				DEVELOPMENT_TEAM = "";
				ENABLE_TESTABILITY = YES;
				FRAMEWORK_SEARCH_PATHS = (
					"$(inherited)",
					"$(PROJECT_DIR)/Draco",
				);
				HEADER_SEARCH_PATHS = (
					"$(inherited)",
					"$(PROJECT_DIR)/Draco",
				);
				INFOPLIST_FILE = glTFSceneKit.xcodeproj/glTFSceneKit_tvos.plist;
				IPHONEOS_DEPLOYMENT_TARGET = 10.0;
				LD_DYLIB_INSTALL_NAME = "$(DYLIB_INSTALL_NAME_BASE:standardizepath)/$(EXECUTABLE_PATH)";
				LD_RUNPATH_SEARCH_PATHS = "$(TOOLCHAIN_DIR)/usr/lib/swift/macosx";
				LIBRARY_SEARCH_PATHS = "$(PROJECT_DIR)/Draco";
				MACOSX_DEPLOYMENT_TARGET = 10.12;
				OTHER_LDFLAGS = (
					"$(inherited)",
					"-lc++",
				);
				OTHER_SWIFT_FLAGS = "$(inherited) -DDEBUG";
				PRODUCT_BUNDLE_IDENTIFIER = org.glTFSceneKit;
				PRODUCT_MODULE_NAME = "$(TARGET_NAME:c99extidentifier)";
				PRODUCT_NAME = "$(TARGET_NAME)";
				PROVISIONING_PROFILE_SPECIFIER = "";
				SDKROOT = appletvos;
				SKIP_INSTALL = YES;
				SUPPORTED_PLATFORMS = "appletvsimulator appletvos";
				SWIFT_OBJC_BRIDGING_HEADER = "glTFSceneKit-Bridging-Header.h";
				SWIFT_VERSION = 5.0;
				TARGETED_DEVICE_FAMILY = 3;
				TARGET_NAME = glTFSceneKit;
				TVOS_DEPLOYMENT_TARGET = 11.0;
				VALID_ARCHS = arm64;
			};
			name = Debug;
		};
		D2B0650C214FE0CC00309D6F /* Release */ = {
			isa = XCBuildConfiguration;
			buildSettings = {
				CLANG_ENABLE_MODULES = YES;
				CODE_SIGN_IDENTITY = "";
				CODE_SIGN_STYLE = Manual;
				DEFINES_MODULE = YES;
				DEVELOPMENT_TEAM = "";
				ENABLE_TESTABILITY = YES;
				FRAMEWORK_SEARCH_PATHS = (
					"$(inherited)",
					"$(PROJECT_DIR)/Draco",
				);
				HEADER_SEARCH_PATHS = (
					"$(inherited)",
					"$(PROJECT_DIR)/Draco",
				);
				INFOPLIST_FILE = glTFSceneKit.xcodeproj/glTFSceneKit_tvos.plist;
				IPHONEOS_DEPLOYMENT_TARGET = 10.0;
				LD_DYLIB_INSTALL_NAME = "$(DYLIB_INSTALL_NAME_BASE:standardizepath)/$(EXECUTABLE_PATH)";
				LD_RUNPATH_SEARCH_PATHS = "$(TOOLCHAIN_DIR)/usr/lib/swift/macosx";
				LIBRARY_SEARCH_PATHS = "$(PROJECT_DIR)/Draco";
				MACOSX_DEPLOYMENT_TARGET = 10.12;
				OTHER_LDFLAGS = (
					"$(inherited)",
					"-lc++",
				);
				OTHER_SWIFT_FLAGS = "$(inherited)";
				PRODUCT_BUNDLE_IDENTIFIER = org.glTFSceneKit;
				PRODUCT_MODULE_NAME = "$(TARGET_NAME:c99extidentifier)";
				PRODUCT_NAME = "$(TARGET_NAME)";
				PROVISIONING_PROFILE_SPECIFIER = "";
				SDKROOT = appletvos;
				SKIP_INSTALL = YES;
				SUPPORTED_PLATFORMS = "appletvsimulator appletvos";
				SWIFT_OBJC_BRIDGING_HEADER = "glTFSceneKit-Bridging-Header.h";
				SWIFT_VERSION = 5.0;
				TARGETED_DEVICE_FAMILY = 3;
				TARGET_NAME = glTFSceneKit;
				TVOS_DEPLOYMENT_TARGET = 11.0;
				VALID_ARCHS = arm64;
			};
			name = Release;
		};
		OBJ_3 /* Debug */ = {
			isa = XCBuildConfiguration;
			buildSettings = {
				BITCODE_GENERATION_MODE = "";
				CLANG_ANALYZER_LOCALIZABILITY_NONLOCALIZED = YES;
				CLANG_ENABLE_OBJC_ARC = YES;
				CLANG_WARN_BLOCK_CAPTURE_AUTORELEASING = YES;
				CLANG_WARN_BOOL_CONVERSION = YES;
				CLANG_WARN_COMMA = YES;
				CLANG_WARN_CONSTANT_CONVERSION = YES;
				CLANG_WARN_DEPRECATED_OBJC_IMPLEMENTATIONS = YES;
				CLANG_WARN_EMPTY_BODY = YES;
				CLANG_WARN_ENUM_CONVERSION = YES;
				CLANG_WARN_INFINITE_RECURSION = YES;
				CLANG_WARN_INT_CONVERSION = YES;
				CLANG_WARN_NON_LITERAL_NULL_CONVERSION = YES;
				CLANG_WARN_OBJC_IMPLICIT_RETAIN_SELF = YES;
				CLANG_WARN_OBJC_LITERAL_CONVERSION = YES;
				CLANG_WARN_RANGE_LOOP_ANALYSIS = YES;
				CLANG_WARN_STRICT_PROTOTYPES = YES;
				CLANG_WARN_SUSPICIOUS_MOVE = YES;
				CLANG_WARN_UNREACHABLE_CODE = YES;
				CLANG_WARN__DUPLICATE_METHOD_MATCH = YES;
				COMBINE_HIDPI_IMAGES = YES;
				COPY_PHASE_STRIP = NO;
				DEBUG_INFORMATION_FORMAT = dwarf;
				DYLIB_INSTALL_NAME_BASE = "@rpath";
				ENABLE_NS_ASSERTIONS = YES;
				ENABLE_STRICT_OBJC_MSGSEND = YES;
				ENABLE_TESTABILITY = YES;
				GCC_NO_COMMON_BLOCKS = YES;
				GCC_OPTIMIZATION_LEVEL = 0;
				GCC_WARN_64_TO_32_BIT_CONVERSION = YES;
				GCC_WARN_ABOUT_RETURN_TYPE = YES;
				GCC_WARN_UNDECLARED_SELECTOR = YES;
				GCC_WARN_UNINITIALIZED_AUTOS = YES;
				GCC_WARN_UNUSED_FUNCTION = YES;
				GCC_WARN_UNUSED_VARIABLE = YES;
				MACOSX_DEPLOYMENT_TARGET = 10.12;
				ONLY_ACTIVE_ARCH = YES;
				OTHER_SWIFT_FLAGS = "-DXcode";
				PRODUCT_NAME = "$(TARGET_NAME)";
				SDKROOT = macosx;
				SUPPORTED_PLATFORMS = "macosx iphoneos iphonesimulator appletvos appletvsimulator watchos watchsimulator";
				SWIFT_ACTIVE_COMPILATION_CONDITIONS = SWIFT_PACKAGE;
				SWIFT_OPTIMIZATION_LEVEL = "-Onone";
				USE_HEADERMAP = NO;
			};
			name = Debug;
		};
		OBJ_4 /* Release */ = {
			isa = XCBuildConfiguration;
			buildSettings = {
				BITCODE_GENERATION_MODE = bitcode;
				CLANG_ANALYZER_LOCALIZABILITY_NONLOCALIZED = YES;
				CLANG_ENABLE_OBJC_ARC = YES;
				CLANG_WARN_BLOCK_CAPTURE_AUTORELEASING = YES;
				CLANG_WARN_BOOL_CONVERSION = YES;
				CLANG_WARN_COMMA = YES;
				CLANG_WARN_CONSTANT_CONVERSION = YES;
				CLANG_WARN_DEPRECATED_OBJC_IMPLEMENTATIONS = YES;
				CLANG_WARN_EMPTY_BODY = YES;
				CLANG_WARN_ENUM_CONVERSION = YES;
				CLANG_WARN_INFINITE_RECURSION = YES;
				CLANG_WARN_INT_CONVERSION = YES;
				CLANG_WARN_NON_LITERAL_NULL_CONVERSION = YES;
				CLANG_WARN_OBJC_IMPLICIT_RETAIN_SELF = YES;
				CLANG_WARN_OBJC_LITERAL_CONVERSION = YES;
				CLANG_WARN_RANGE_LOOP_ANALYSIS = YES;
				CLANG_WARN_STRICT_PROTOTYPES = YES;
				CLANG_WARN_SUSPICIOUS_MOVE = YES;
				CLANG_WARN_UNREACHABLE_CODE = YES;
				CLANG_WARN__DUPLICATE_METHOD_MATCH = YES;
				COMBINE_HIDPI_IMAGES = YES;
				COPY_PHASE_STRIP = YES;
				DEBUG_INFORMATION_FORMAT = "dwarf-with-dsym";
				DYLIB_INSTALL_NAME_BASE = "@rpath";
				ENABLE_STRICT_OBJC_MSGSEND = YES;
				GCC_NO_COMMON_BLOCKS = YES;
				GCC_OPTIMIZATION_LEVEL = s;
				GCC_WARN_64_TO_32_BIT_CONVERSION = YES;
				GCC_WARN_ABOUT_RETURN_TYPE = YES;
				GCC_WARN_UNDECLARED_SELECTOR = YES;
				GCC_WARN_UNINITIALIZED_AUTOS = YES;
				GCC_WARN_UNUSED_FUNCTION = YES;
				GCC_WARN_UNUSED_VARIABLE = YES;
				MACOSX_DEPLOYMENT_TARGET = 10.12;
				OTHER_CFLAGS = "-fembed-bitcode";
				OTHER_SWIFT_FLAGS = "-DXcode";
				PRODUCT_NAME = "$(TARGET_NAME)";
				SDKROOT = macosx;
				SUPPORTED_PLATFORMS = "macosx iphoneos iphonesimulator appletvos appletvsimulator watchos watchsimulator";
				SWIFT_ACTIVE_COMPILATION_CONDITIONS = SWIFT_PACKAGE;
				SWIFT_OPTIMIZATION_LEVEL = "-Owholemodule";
				USE_HEADERMAP = NO;
			};
			name = Release;
		};
		OBJ_55 /* Debug */ = {
			isa = XCBuildConfiguration;
			buildSettings = {
				ALWAYS_EMBED_SWIFT_STANDARD_LIBRARIES = YES;
				FRAMEWORK_SEARCH_PATHS = (
					"$(inherited)",
					"$(PLATFORM_DIR)/Developer/Library/Frameworks",
				);
				HEADER_SEARCH_PATHS = (
					"$(inherited)",
					"$(SRCROOT)/.build/checkouts/**",
				);
				INFOPLIST_FILE = glTFSceneKit.xcodeproj/gltf_scenekitTests_Info.plist;
				LD_RUNPATH_SEARCH_PATHS = "@loader_path/../Frameworks @loader_path/Frameworks";
				LIBRARY_SEARCH_PATHS = "$(SRCROOT)/.build/checkouts/**";
				MACOSX_DEPLOYMENT_TARGET = 10.12;
				OTHER_LDFLAGS = (
					"$(inherited)",
					"-lc++",
					"-ldraco",
				);
				OTHER_SWIFT_FLAGS = "$(inherited)";
				PRODUCT_NAME = glTFSceneKitTests;
				SWIFT_OBJC_BRIDGING_HEADER = "glTFSceneKit-Bridging-Header.h";
				SWIFT_VERSION = 4.0;
				TARGET_NAME = gltf_scenekitTests;
			};
			name = Debug;
		};
		OBJ_56 /* Release */ = {
			isa = XCBuildConfiguration;
			buildSettings = {
				ALWAYS_EMBED_SWIFT_STANDARD_LIBRARIES = YES;
				FRAMEWORK_SEARCH_PATHS = (
					"$(inherited)",
					"$(PLATFORM_DIR)/Developer/Library/Frameworks",
				);
				HEADER_SEARCH_PATHS = (
					"$(inherited)",
					"$(SRCROOT)/.build/checkouts/**",
				);
				INFOPLIST_FILE = glTFSceneKit.xcodeproj/gltf_scenekitTests_Info.plist;
				LD_RUNPATH_SEARCH_PATHS = "@loader_path/../Frameworks @loader_path/Frameworks";
				LIBRARY_SEARCH_PATHS = "$(SRCROOT)/.build/checkouts/**";
				MACOSX_DEPLOYMENT_TARGET = 10.12;
				OTHER_LDFLAGS = (
					"$(inherited)",
					"-lc++",
					"-ldraco",
				);
				OTHER_SWIFT_FLAGS = "$(inherited)";
				PRODUCT_NAME = glTFSceneKitTests;
				SWIFT_OBJC_BRIDGING_HEADER = "glTFSceneKit-Bridging-Header.h";
				SWIFT_VERSION = 4.0;
				TARGET_NAME = gltf_scenekitTests;
			};
			name = Release;
		};
		OBJ_64 /* Debug */ = {
			isa = XCBuildConfiguration;
			buildSettings = {
				ALWAYS_EMBED_SWIFT_STANDARD_LIBRARIES = NO;
				CLANG_ENABLE_MODULES = YES;
				CODE_SIGN_IDENTITY = "";
				CODE_SIGN_STYLE = Automatic;
				DEFINES_MODULE = YES;
				DEVELOPMENT_TEAM = "";
				ENABLE_TESTABILITY = YES;
				FRAMEWORK_SEARCH_PATHS = "$(inherited)";
				HEADER_SEARCH_PATHS = "$(inherited)";
				INFOPLIST_FILE = glTFSceneKit.xcodeproj/gltf_scenekit_Info.plist;
				LD_RUNPATH_SEARCH_PATHS = "$(TOOLCHAIN_DIR)/usr/lib/swift/macosx";
				LIBRARY_SEARCH_PATHS = "$(PROJECT_DIR)/Draco";
				MACH_O_TYPE = mh_dylib;
				MACOSX_DEPLOYMENT_TARGET = 10.12;
				OTHER_LDFLAGS = (
					"$(inherited)",
					"-lc++",
				);
				OTHER_SWIFT_FLAGS = "$(inherited) -DDEBUG";
				PRODUCT_BUNDLE_IDENTIFIER = org.glTFSceneKit;
				PRODUCT_MODULE_NAME = "$(TARGET_NAME:c99extidentifier)";
				PRODUCT_NAME = "$(TARGET_NAME:c99extidentifier)";
				PROVISIONING_PROFILE_SPECIFIER = "";
				SKIP_INSTALL = YES;
				SUPPORTED_PLATFORMS = macosx;
				SWIFT_OBJC_BRIDGING_HEADER = "glTFSceneKit-Bridging-Header.h";
				SWIFT_VERSION = 5.0;
				TARGET_NAME = glTFSceneKit;
				VALID_ARCHS = x86_64;
			};
			name = Debug;
		};
		OBJ_65 /* Release */ = {
			isa = XCBuildConfiguration;
			buildSettings = {
				ALWAYS_EMBED_SWIFT_STANDARD_LIBRARIES = NO;
				CLANG_ENABLE_MODULES = YES;
				CODE_SIGN_IDENTITY = "";
				CODE_SIGN_STYLE = Automatic;
				DEFINES_MODULE = YES;
				DEVELOPMENT_TEAM = "";
				ENABLE_TESTABILITY = YES;
				FRAMEWORK_SEARCH_PATHS = "$(inherited)";
				HEADER_SEARCH_PATHS = "$(inherited)";
				INFOPLIST_FILE = glTFSceneKit.xcodeproj/gltf_scenekit_Info.plist;
				LD_RUNPATH_SEARCH_PATHS = "$(TOOLCHAIN_DIR)/usr/lib/swift/macosx";
				LIBRARY_SEARCH_PATHS = "$(PROJECT_DIR)/Draco";
				MACH_O_TYPE = mh_dylib;
				MACOSX_DEPLOYMENT_TARGET = 10.12;
				OTHER_LDFLAGS = (
					"$(inherited)",
					"-lc++",
				);
				OTHER_SWIFT_FLAGS = "$(inherited)";
				PRODUCT_BUNDLE_IDENTIFIER = org.glTFSceneKit;
				PRODUCT_MODULE_NAME = "$(TARGET_NAME:c99extidentifier)";
				PRODUCT_NAME = "$(TARGET_NAME:c99extidentifier)";
				PROVISIONING_PROFILE_SPECIFIER = "";
				SKIP_INSTALL = YES;
				SUPPORTED_PLATFORMS = macosx;
				SWIFT_OBJC_BRIDGING_HEADER = "glTFSceneKit-Bridging-Header.h";
				SWIFT_VERSION = 5.0;
				TARGET_NAME = glTFSceneKit;
				VALID_ARCHS = x86_64;
			};
			name = Release;
		};
/* End XCBuildConfiguration section */

/* Begin XCConfigurationList section */
		D2750D102077B7AC00F6198D /* Build configuration list for PBXNativeTarget "glTFSceneKit (iOS)" */ = {
			isa = XCConfigurationList;
			buildConfigurations = (
				D2750D112077B7AC00F6198D /* Debug */,
				D2750D122077B7AC00F6198D /* Release */,
			);
			defaultConfigurationIsVisible = 0;
			defaultConfigurationName = Debug;
		};
		D2B0650A214FE0CC00309D6F /* Build configuration list for PBXNativeTarget "glTFSceneKit (tvOS)" */ = {
			isa = XCConfigurationList;
			buildConfigurations = (
				D2B0650B214FE0CC00309D6F /* Debug */,
				D2B0650C214FE0CC00309D6F /* Release */,
			);
			defaultConfigurationIsVisible = 0;
			defaultConfigurationName = Debug;
		};
		OBJ_2 /* Build configuration list for PBXProject "glTFSceneKit" */ = {
			isa = XCConfigurationList;
			buildConfigurations = (
				OBJ_3 /* Debug */,
				OBJ_4 /* Release */,
			);
			defaultConfigurationIsVisible = 0;
			defaultConfigurationName = Debug;
		};
		OBJ_54 /* Build configuration list for PBXNativeTarget "glTFSceneKitTests" */ = {
			isa = XCConfigurationList;
			buildConfigurations = (
				OBJ_55 /* Debug */,
				OBJ_56 /* Release */,
			);
			defaultConfigurationIsVisible = 0;
			defaultConfigurationName = Debug;
		};
		OBJ_63 /* Build configuration list for PBXNativeTarget "glTFSceneKit" */ = {
			isa = XCConfigurationList;
			buildConfigurations = (
				OBJ_64 /* Debug */,
				OBJ_65 /* Release */,
			);
			defaultConfigurationIsVisible = 0;
			defaultConfigurationName = Debug;
		};
/* End XCConfigurationList section */
	};
	rootObject = OBJ_1 /* Project object */;
}
