{
  "object": {
    "pins": [
      {
        "package": "Draco",
        "repositoryURL": "https://github.com/3d4medical/DracoSwiftPackage.git",
        "state": {
          "branch": null,
          "revision": "f703a421f64abea07bc7de72b7203d4559a98827",
          "version": "0.0.5"
        }
      }
    ]
  },
  "version": 1
}
