{
  "object": {
    "pins": [
      {
        "package": "Draco",
        "repositoryURL": "https://github.com/3d4medical/DracoSwiftPackage.git",
        "state": {
          "branch": null,
          "revision": "9bdbe49ea00171089bb666692a0ba6476b408545",
          "version": "0.0.8"
        }
      }
    ]
  },
  "version": 1
}
