// !$*UTF8*$!
{
	archiveVersion = 1;
	classes = {
	};
	objectVersion = 46;
	objects = {

/* Begin PBXAggregateTarget section */
		"gltf_scenekit::gltf_scenekitPackageTests::ProductTarget" /* gltf_scenekitPackageTests */ = {
			isa = PBXAggregateTarget;
			buildConfigurationList = OBJ_99 /* Build configuration list for PBXAggregateTarget "gltf_scenekitPackageTests" */;
			buildPhases = (
			);
			dependencies = (
				OBJ_102 /* PBXTargetDependency */,
			);
			name = gltf_scenekitPackageTests;
			productName = gltf_scenekitPackageTests;
		};
/* End PBXAggregateTarget section */

/* Begin PBXBuildFile section */
		D2157142204035E3009E9D16 /* JSONCodingKeys.swift in Sources */ = {isa = PBXBuildFile; fileRef = D215713A20402611009E9D16 /* JSONCodingKeys.swift */; };
		D2180CDF208745A6005353CF /* GLTF+Draco.swift in Sources */ = {isa = PBXBuildFile; fileRef = D2180CDD2087457D005353CF /* GLTF+Draco.swift */; };
		D2180CE0208745A7005353CF /* GLTF+Draco.swift in Sources */ = {isa = PBXBuildFile; fileRef = D2180CDD2087457D005353CF /* GLTF+Draco.swift */; };
		D2750CED2077B7AC00F6198D /* GLTF+SceneKit.swift in Sources */ = {isa = PBXBuildFile; fileRef = OBJ_9 /* GLTF+SceneKit.swift */; };
		D2750CEE2077B7AC00F6198D /* GLTF.swift in Sources */ = {isa = PBXBuildFile; fileRef = OBJ_11 /* GLTF.swift */; };
		D2750CEF2077B7AC00F6198D /* GLTFAccessor.swift in Sources */ = {isa = PBXBuildFile; fileRef = OBJ_12 /* GLTFAccessor.swift */; };
		D2750CF02077B7AC00F6198D /* GLTFAccessorSparse.swift in Sources */ = {isa = PBXBuildFile; fileRef = OBJ_13 /* GLTFAccessorSparse.swift */; };
		D2750CF12077B7AC00F6198D /* GLTFAccessorSparseIndices.swift in Sources */ = {isa = PBXBuildFile; fileRef = OBJ_14 /* GLTFAccessorSparseIndices.swift */; };
		D2750CF22077B7AC00F6198D /* GLTFAccessorSparseValues.swift in Sources */ = {isa = PBXBuildFile; fileRef = OBJ_15 /* GLTFAccessorSparseValues.swift */; };
		D2750CF32077B7AC00F6198D /* GLTFAnimation.swift in Sources */ = {isa = PBXBuildFile; fileRef = OBJ_16 /* GLTFAnimation.swift */; };
		D2750CF42077B7AC00F6198D /* GLTFAnimationChannel.swift in Sources */ = {isa = PBXBuildFile; fileRef = OBJ_17 /* GLTFAnimationChannel.swift */; };
		D2750CF52077B7AC00F6198D /* GLTFAnimationChannelTarget.swift in Sources */ = {isa = PBXBuildFile; fileRef = OBJ_18 /* GLTFAnimationChannelTarget.swift */; };
		D2750CF62077B7AC00F6198D /* GLTFAnimationSampler.swift in Sources */ = {isa = PBXBuildFile; fileRef = OBJ_19 /* GLTFAnimationSampler.swift */; };
		D2750CF72077B7AC00F6198D /* GLTF_3D4MCompressedTextureExtension.swift in Sources */ = {isa = PBXBuildFile; fileRef = D2AC651D205D578A0091D5E0 /* GLTF_3D4MCompressedTextureExtension.swift */; };
		D2750CF82077B7AC00F6198D /* GLTFAsset.swift in Sources */ = {isa = PBXBuildFile; fileRef = OBJ_20 /* GLTFAsset.swift */; };
		D2750CF92077B7AC00F6198D /* GLTFBuffer.swift in Sources */ = {isa = PBXBuildFile; fileRef = OBJ_21 /* GLTFBuffer.swift */; };
		D2750CFA2077B7AC00F6198D /* GLTFBufferView.swift in Sources */ = {isa = PBXBuildFile; fileRef = OBJ_22 /* GLTFBufferView.swift */; };
		D2750CFB2077B7AC00F6198D /* GLTFCamera.swift in Sources */ = {isa = PBXBuildFile; fileRef = OBJ_23 /* GLTFCamera.swift */; };
		D2750CFC2077B7AC00F6198D /* GLTFCameraOrthographic.swift in Sources */ = {isa = PBXBuildFile; fileRef = OBJ_24 /* GLTFCameraOrthographic.swift */; };
		D2750CFD2077B7AC00F6198D /* GLTFCameraPerspective.swift in Sources */ = {isa = PBXBuildFile; fileRef = OBJ_25 /* GLTFCameraPerspective.swift */; };
		D2750CFE2077B7AC00F6198D /* GLTFImage.swift in Sources */ = {isa = PBXBuildFile; fileRef = OBJ_26 /* GLTFImage.swift */; };
		D2750CFF2077B7AC00F6198D /* GLTFMaterial.swift in Sources */ = {isa = PBXBuildFile; fileRef = OBJ_27 /* GLTFMaterial.swift */; };
		D2750D002077B7AC00F6198D /* GLTFMaterialNormalTextureInfo.swift in Sources */ = {isa = PBXBuildFile; fileRef = OBJ_28 /* GLTFMaterialNormalTextureInfo.swift */; };
		D2750D012077B7AC00F6198D /* GLTFMaterialOcclusionTextureInfo.swift in Sources */ = {isa = PBXBuildFile; fileRef = OBJ_29 /* GLTFMaterialOcclusionTextureInfo.swift */; };
		D2750D022077B7AC00F6198D /* GLTFMaterialPBRMetallicRoughness.swift in Sources */ = {isa = PBXBuildFile; fileRef = OBJ_30 /* GLTFMaterialPBRMetallicRoughness.swift */; };
		D2750D032077B7AC00F6198D /* GLTFMesh.swift in Sources */ = {isa = PBXBuildFile; fileRef = OBJ_31 /* GLTFMesh.swift */; };
		D2750D042077B7AC00F6198D /* GLTFKHRDracoMeshCompressionExtension.swift in Sources */ = {isa = PBXBuildFile; fileRef = D27BDF82203F0BEF0036F3A7 /* GLTFKHRDracoMeshCompressionExtension.swift */; };
		D2750D052077B7AC00F6198D /* GLTFMeshPrimitive.swift in Sources */ = {isa = PBXBuildFile; fileRef = OBJ_32 /* GLTFMeshPrimitive.swift */; };
		D2750D062077B7AC00F6198D /* GLTFNode.swift in Sources */ = {isa = PBXBuildFile; fileRef = OBJ_33 /* GLTFNode.swift */; };
		D2750D072077B7AC00F6198D /* JSONCodingKeys.swift in Sources */ = {isa = PBXBuildFile; fileRef = D215713A20402611009E9D16 /* JSONCodingKeys.swift */; };
		D2750D082077B7AC00F6198D /* GLTFSampler.swift in Sources */ = {isa = PBXBuildFile; fileRef = OBJ_34 /* GLTFSampler.swift */; };
		D2750D092077B7AC00F6198D /* GLTFScene.swift in Sources */ = {isa = PBXBuildFile; fileRef = OBJ_35 /* GLTFScene.swift */; };
		D2750D0A2077B7AC00F6198D /* GLTFSkin.swift in Sources */ = {isa = PBXBuildFile; fileRef = OBJ_36 /* GLTFSkin.swift */; };
		D2750D0B2077B7AC00F6198D /* GLTFTexture.swift in Sources */ = {isa = PBXBuildFile; fileRef = OBJ_37 /* GLTFTexture.swift */; };
		D2750D0C2077B7AC00F6198D /* GLTFTextureInfo.swift in Sources */ = {isa = PBXBuildFile; fileRef = OBJ_38 /* GLTFTextureInfo.swift */; };
		D2750D0D2077B7AC00F6198D /* Helper.swift in Sources */ = {isa = PBXBuildFile; fileRef = OBJ_39 /* Helper.swift */; };
		D2750D0F2077B7AC00F6198D /* libdraco.a in Frameworks */ = {isa = PBXBuildFile; fileRef = D27BDF7C203DCE6E0036F3A7 /* libdraco.a */; };
		D27BDF7D203DCE6E0036F3A7 /* libdraco.a in Frameworks */ = {isa = PBXBuildFile; fileRef = D27BDF7C203DCE6E0036F3A7 /* libdraco.a */; };
		D27BDF83203F0BEF0036F3A7 /* GLTFKHRDracoMeshCompressionExtension.swift in Sources */ = {isa = PBXBuildFile; fileRef = D27BDF82203F0BEF0036F3A7 /* GLTFKHRDracoMeshCompressionExtension.swift */; };
		D287556D2077CB16009B7FA9 /* GLTF+CompressedTexture.swift in Sources */ = {isa = PBXBuildFile; fileRef = D287556B2077CABB009B7FA9 /* GLTF+CompressedTexture.swift */; };
		D287556E2077CB1B009B7FA9 /* GLTF+CompressedTexture.swift in Sources */ = {isa = PBXBuildFile; fileRef = D287556B2077CABB009B7FA9 /* GLTF+CompressedTexture.swift */; };
		D2AC651E205D578B0091D5E0 /* GLTF_3D4MCompressedTextureExtension.swift in Sources */ = {isa = PBXBuildFile; fileRef = D2AC651D205D578A0091D5E0 /* GLTF_3D4MCompressedTextureExtension.swift */; };
		D2AFCFC0208F1DE00048A9DA /* GLTF+Animation.swift in Sources */ = {isa = PBXBuildFile; fileRef = D2AFCFBF208F1DE00048A9DA /* GLTF+Animation.swift */; };
		D2AFCFC1208F1DE00048A9DA /* GLTF+Animation.swift in Sources */ = {isa = PBXBuildFile; fileRef = D2AFCFBF208F1DE00048A9DA /* GLTF+Animation.swift */; };
		D2AFCFC3208F2A010048A9DA /* GLTF+Material.swift in Sources */ = {isa = PBXBuildFile; fileRef = D2AFCFC2208F2A010048A9DA /* GLTF+Material.swift */; };
		D2AFCFC4208F2A010048A9DA /* GLTF+Material.swift in Sources */ = {isa = PBXBuildFile; fileRef = D2AFCFC2208F2A010048A9DA /* GLTF+Material.swift */; };
		D2AFCFD2208F6F010048A9DA /* GLTF+Resources.swift in Sources */ = {isa = PBXBuildFile; fileRef = D2AFCFD1208F6F010048A9DA /* GLTF+Resources.swift */; };
		D2AFCFD3208F6F010048A9DA /* GLTF+Resources.swift in Sources */ = {isa = PBXBuildFile; fileRef = D2AFCFD1208F6F010048A9DA /* GLTF+Resources.swift */; };
		OBJ_52 /* Package.swift in Sources */ = {isa = PBXBuildFile; fileRef = OBJ_6 /* Package.swift */; };
		OBJ_58 /* gltf_scenekitTests.swift in Sources */ = {isa = PBXBuildFile; fileRef = OBJ_42 /* gltf_scenekitTests.swift */; };
		OBJ_60 /* gltf_scenekit.framework in Frameworks */ = {isa = PBXBuildFile; fileRef = "gltf_scenekit::gltf_scenekit::Product" /* gltf_scenekit.framework */; };
		OBJ_67 /* GLTF+SceneKit.swift in Sources */ = {isa = PBXBuildFile; fileRef = OBJ_9 /* GLTF+SceneKit.swift */; };
		OBJ_68 /* GLTF.swift in Sources */ = {isa = PBXBuildFile; fileRef = OBJ_11 /* GLTF.swift */; };
		OBJ_69 /* GLTFAccessor.swift in Sources */ = {isa = PBXBuildFile; fileRef = OBJ_12 /* GLTFAccessor.swift */; };
		OBJ_70 /* GLTFAccessorSparse.swift in Sources */ = {isa = PBXBuildFile; fileRef = OBJ_13 /* GLTFAccessorSparse.swift */; };
		OBJ_71 /* GLTFAccessorSparseIndices.swift in Sources */ = {isa = PBXBuildFile; fileRef = OBJ_14 /* GLTFAccessorSparseIndices.swift */; };
		OBJ_72 /* GLTFAccessorSparseValues.swift in Sources */ = {isa = PBXBuildFile; fileRef = OBJ_15 /* GLTFAccessorSparseValues.swift */; };
		OBJ_73 /* GLTFAnimation.swift in Sources */ = {isa = PBXBuildFile; fileRef = OBJ_16 /* GLTFAnimation.swift */; };
		OBJ_74 /* GLTFAnimationChannel.swift in Sources */ = {isa = PBXBuildFile; fileRef = OBJ_17 /* GLTFAnimationChannel.swift */; };
		OBJ_75 /* GLTFAnimationChannelTarget.swift in Sources */ = {isa = PBXBuildFile; fileRef = OBJ_18 /* GLTFAnimationChannelTarget.swift */; };
		OBJ_76 /* GLTFAnimationSampler.swift in Sources */ = {isa = PBXBuildFile; fileRef = OBJ_19 /* GLTFAnimationSampler.swift */; };
		OBJ_77 /* GLTFAsset.swift in Sources */ = {isa = PBXBuildFile; fileRef = OBJ_20 /* GLTFAsset.swift */; };
		OBJ_78 /* GLTFBuffer.swift in Sources */ = {isa = PBXBuildFile; fileRef = OBJ_21 /* GLTFBuffer.swift */; };
		OBJ_79 /* GLTFBufferView.swift in Sources */ = {isa = PBXBuildFile; fileRef = OBJ_22 /* GLTFBufferView.swift */; };
		OBJ_80 /* GLTFCamera.swift in Sources */ = {isa = PBXBuildFile; fileRef = OBJ_23 /* GLTFCamera.swift */; };
		OBJ_81 /* GLTFCameraOrthographic.swift in Sources */ = {isa = PBXBuildFile; fileRef = OBJ_24 /* GLTFCameraOrthographic.swift */; };
		OBJ_82 /* GLTFCameraPerspective.swift in Sources */ = {isa = PBXBuildFile; fileRef = OBJ_25 /* GLTFCameraPerspective.swift */; };
		OBJ_83 /* GLTFImage.swift in Sources */ = {isa = PBXBuildFile; fileRef = OBJ_26 /* GLTFImage.swift */; };
		OBJ_84 /* GLTFMaterial.swift in Sources */ = {isa = PBXBuildFile; fileRef = OBJ_27 /* GLTFMaterial.swift */; };
		OBJ_85 /* GLTFMaterialNormalTextureInfo.swift in Sources */ = {isa = PBXBuildFile; fileRef = OBJ_28 /* GLTFMaterialNormalTextureInfo.swift */; };
		OBJ_86 /* GLTFMaterialOcclusionTextureInfo.swift in Sources */ = {isa = PBXBuildFile; fileRef = OBJ_29 /* GLTFMaterialOcclusionTextureInfo.swift */; };
		OBJ_87 /* GLTFMaterialPBRMetallicRoughness.swift in Sources */ = {isa = PBXBuildFile; fileRef = OBJ_30 /* GLTFMaterialPBRMetallicRoughness.swift */; };
		OBJ_88 /* GLTFMesh.swift in Sources */ = {isa = PBXBuildFile; fileRef = OBJ_31 /* GLTFMesh.swift */; };
		OBJ_89 /* GLTFMeshPrimitive.swift in Sources */ = {isa = PBXBuildFile; fileRef = OBJ_32 /* GLTFMeshPrimitive.swift */; };
		OBJ_90 /* GLTFNode.swift in Sources */ = {isa = PBXBuildFile; fileRef = OBJ_33 /* GLTFNode.swift */; };
		OBJ_91 /* GLTFSampler.swift in Sources */ = {isa = PBXBuildFile; fileRef = OBJ_34 /* GLTFSampler.swift */; };
		OBJ_92 /* GLTFScene.swift in Sources */ = {isa = PBXBuildFile; fileRef = OBJ_35 /* GLTFScene.swift */; };
		OBJ_93 /* GLTFSkin.swift in Sources */ = {isa = PBXBuildFile; fileRef = OBJ_36 /* GLTFSkin.swift */; };
		OBJ_94 /* GLTFTexture.swift in Sources */ = {isa = PBXBuildFile; fileRef = OBJ_37 /* GLTFTexture.swift */; };
		OBJ_95 /* GLTFTextureInfo.swift in Sources */ = {isa = PBXBuildFile; fileRef = OBJ_38 /* GLTFTextureInfo.swift */; };
		OBJ_96 /* Helper.swift in Sources */ = {isa = PBXBuildFile; fileRef = OBJ_39 /* Helper.swift */; };
/* End PBXBuildFile section */

/* Begin PBXContainerItemProxy section */
		D27BDF77203DC79D0036F3A7 /* PBXContainerItemProxy */ = {
			isa = PBXContainerItemProxy;
			containerPortal = OBJ_1 /* Project object */;
			proxyType = 1;
			remoteGlobalIDString = "gltf_scenekit::gltf_scenekit";
			remoteInfo = gltf_scenekit;
		};
		D27BDF78203DC79D0036F3A7 /* PBXContainerItemProxy */ = {
			isa = PBXContainerItemProxy;
			containerPortal = OBJ_1 /* Project object */;
			proxyType = 1;
			remoteGlobalIDString = "gltf_scenekit::gltf_scenekitTests";
			remoteInfo = gltf_scenekitTests;
		};
/* End PBXContainerItemProxy section */

/* Begin PBXFileReference section */
		D215713A20402611009E9D16 /* JSONCodingKeys.swift */ = {isa = PBXFileReference; lastKnownFileType = sourcecode.swift; path = JSONCodingKeys.swift; sourceTree = "<group>"; };
		D2180CDD2087457D005353CF /* GLTF+Draco.swift */ = {isa = PBXFileReference; lastKnownFileType = sourcecode.swift; path = "GLTF+Draco.swift"; sourceTree = "<group>"; };
		D2750D132077B7AC00F6198D /* gltf_scenekit.framework */ = {isa = PBXFileReference; explicitFileType = wrapper.framework; includeInIndex = 0; path = gltf_scenekit.framework; sourceTree = BUILT_PRODUCTS_DIR; };
		D2750D142077B7AD00F6198D /* gltf_scenekit copy-Info.plist */ = {isa = PBXFileReference; lastKnownFileType = text.plist.xml; name = "gltf_scenekit copy-Info.plist"; path = "/Users/sakrist/Documents/work/GLTFLoadTest/gltf_scenekit/gltf_scenekit copy-Info.plist"; sourceTree = "<absolute>"; };
		D27BDF7C203DCE6E0036F3A7 /* libdraco.a */ = {isa = PBXFileReference; lastKnownFileType = archive.ar; name = libdraco.a; path = ".build/checkouts/DracoSwiftPackage.git-6830057821000934015/libdraco.a"; sourceTree = "<group>"; };
		D27BDF82203F0BEF0036F3A7 /* GLTFKHRDracoMeshCompressionExtension.swift */ = {isa = PBXFileReference; fileEncoding = 4; lastKnownFileType = sourcecode.swift; path = GLTFKHRDracoMeshCompressionExtension.swift; sourceTree = "<group>"; };
		D287556B2077CABB009B7FA9 /* GLTF+CompressedTexture.swift */ = {isa = PBXFileReference; lastKnownFileType = sourcecode.swift; path = "GLTF+CompressedTexture.swift"; sourceTree = "<group>"; };
		D2AC651D205D578A0091D5E0 /* GLTF_3D4MCompressedTextureExtension.swift */ = {isa = PBXFileReference; fileEncoding = 4; lastKnownFileType = sourcecode.swift; path = GLTF_3D4MCompressedTextureExtension.swift; sourceTree = "<group>"; };
		D2AFCFBF208F1DE00048A9DA /* GLTF+Animation.swift */ = {isa = PBXFileReference; lastKnownFileType = sourcecode.swift; path = "GLTF+Animation.swift"; sourceTree = "<group>"; };
		D2AFCFC2208F2A010048A9DA /* GLTF+Material.swift */ = {isa = PBXFileReference; lastKnownFileType = sourcecode.swift; path = "GLTF+Material.swift"; sourceTree = "<group>"; };
		D2AFCFD1208F6F010048A9DA /* GLTF+Resources.swift */ = {isa = PBXFileReference; lastKnownFileType = sourcecode.swift; path = "GLTF+Resources.swift"; sourceTree = "<group>"; };
		OBJ_11 /* GLTF.swift */ = {isa = PBXFileReference; lastKnownFileType = sourcecode.swift; path = GLTF.swift; sourceTree = "<group>"; };
		OBJ_12 /* GLTFAccessor.swift */ = {isa = PBXFileReference; lastKnownFileType = sourcecode.swift; path = GLTFAccessor.swift; sourceTree = "<group>"; };
		OBJ_13 /* GLTFAccessorSparse.swift */ = {isa = PBXFileReference; lastKnownFileType = sourcecode.swift; path = GLTFAccessorSparse.swift; sourceTree = "<group>"; };
		OBJ_14 /* GLTFAccessorSparseIndices.swift */ = {isa = PBXFileReference; lastKnownFileType = sourcecode.swift; path = GLTFAccessorSparseIndices.swift; sourceTree = "<group>"; };
		OBJ_15 /* GLTFAccessorSparseValues.swift */ = {isa = PBXFileReference; lastKnownFileType = sourcecode.swift; path = GLTFAccessorSparseValues.swift; sourceTree = "<group>"; };
		OBJ_16 /* GLTFAnimation.swift */ = {isa = PBXFileReference; lastKnownFileType = sourcecode.swift; path = GLTFAnimation.swift; sourceTree = "<group>"; };
		OBJ_17 /* GLTFAnimationChannel.swift */ = {isa = PBXFileReference; lastKnownFileType = sourcecode.swift; path = GLTFAnimationChannel.swift; sourceTree = "<group>"; };
		OBJ_18 /* GLTFAnimationChannelTarget.swift */ = {isa = PBXFileReference; lastKnownFileType = sourcecode.swift; path = GLTFAnimationChannelTarget.swift; sourceTree = "<group>"; };
		OBJ_19 /* GLTFAnimationSampler.swift */ = {isa = PBXFileReference; lastKnownFileType = sourcecode.swift; path = GLTFAnimationSampler.swift; sourceTree = "<group>"; };
		OBJ_20 /* GLTFAsset.swift */ = {isa = PBXFileReference; lastKnownFileType = sourcecode.swift; path = GLTFAsset.swift; sourceTree = "<group>"; };
		OBJ_21 /* GLTFBuffer.swift */ = {isa = PBXFileReference; lastKnownFileType = sourcecode.swift; path = GLTFBuffer.swift; sourceTree = "<group>"; };
		OBJ_22 /* GLTFBufferView.swift */ = {isa = PBXFileReference; lastKnownFileType = sourcecode.swift; path = GLTFBufferView.swift; sourceTree = "<group>"; };
		OBJ_23 /* GLTFCamera.swift */ = {isa = PBXFileReference; lastKnownFileType = sourcecode.swift; path = GLTFCamera.swift; sourceTree = "<group>"; };
		OBJ_24 /* GLTFCameraOrthographic.swift */ = {isa = PBXFileReference; lastKnownFileType = sourcecode.swift; path = GLTFCameraOrthographic.swift; sourceTree = "<group>"; };
		OBJ_25 /* GLTFCameraPerspective.swift */ = {isa = PBXFileReference; lastKnownFileType = sourcecode.swift; path = GLTFCameraPerspective.swift; sourceTree = "<group>"; };
		OBJ_26 /* GLTFImage.swift */ = {isa = PBXFileReference; lastKnownFileType = sourcecode.swift; path = GLTFImage.swift; sourceTree = "<group>"; };
		OBJ_27 /* GLTFMaterial.swift */ = {isa = PBXFileReference; lastKnownFileType = sourcecode.swift; path = GLTFMaterial.swift; sourceTree = "<group>"; };
		OBJ_28 /* GLTFMaterialNormalTextureInfo.swift */ = {isa = PBXFileReference; lastKnownFileType = sourcecode.swift; path = GLTFMaterialNormalTextureInfo.swift; sourceTree = "<group>"; };
		OBJ_29 /* GLTFMaterialOcclusionTextureInfo.swift */ = {isa = PBXFileReference; lastKnownFileType = sourcecode.swift; path = GLTFMaterialOcclusionTextureInfo.swift; sourceTree = "<group>"; };
		OBJ_30 /* GLTFMaterialPBRMetallicRoughness.swift */ = {isa = PBXFileReference; lastKnownFileType = sourcecode.swift; path = GLTFMaterialPBRMetallicRoughness.swift; sourceTree = "<group>"; };
		OBJ_31 /* GLTFMesh.swift */ = {isa = PBXFileReference; lastKnownFileType = sourcecode.swift; path = GLTFMesh.swift; sourceTree = "<group>"; };
		OBJ_32 /* GLTFMeshPrimitive.swift */ = {isa = PBXFileReference; lastKnownFileType = sourcecode.swift; path = GLTFMeshPrimitive.swift; sourceTree = "<group>"; };
		OBJ_33 /* GLTFNode.swift */ = {isa = PBXFileReference; lastKnownFileType = sourcecode.swift; path = GLTFNode.swift; sourceTree = "<group>"; };
		OBJ_34 /* GLTFSampler.swift */ = {isa = PBXFileReference; lastKnownFileType = sourcecode.swift; path = GLTFSampler.swift; sourceTree = "<group>"; };
		OBJ_35 /* GLTFScene.swift */ = {isa = PBXFileReference; lastKnownFileType = sourcecode.swift; path = GLTFScene.swift; sourceTree = "<group>"; };
		OBJ_36 /* GLTFSkin.swift */ = {isa = PBXFileReference; lastKnownFileType = sourcecode.swift; path = GLTFSkin.swift; sourceTree = "<group>"; };
		OBJ_37 /* GLTFTexture.swift */ = {isa = PBXFileReference; lastKnownFileType = sourcecode.swift; path = GLTFTexture.swift; sourceTree = "<group>"; };
		OBJ_38 /* GLTFTextureInfo.swift */ = {isa = PBXFileReference; lastKnownFileType = sourcecode.swift; path = GLTFTextureInfo.swift; sourceTree = "<group>"; };
		OBJ_39 /* Helper.swift */ = {isa = PBXFileReference; lastKnownFileType = sourcecode.swift; path = Helper.swift; sourceTree = "<group>"; };
		OBJ_42 /* gltf_scenekitTests.swift */ = {isa = PBXFileReference; lastKnownFileType = sourcecode.swift; path = gltf_scenekitTests.swift; sourceTree = "<group>"; };
		OBJ_6 /* Package.swift */ = {isa = PBXFileReference; explicitFileType = sourcecode.swift; path = Package.swift; sourceTree = "<group>"; };
		OBJ_9 /* GLTF+SceneKit.swift */ = {isa = PBXFileReference; lastKnownFileType = sourcecode.swift; path = "GLTF+SceneKit.swift"; sourceTree = "<group>"; };
		"gltf_scenekit::gltf_scenekit::Product" /* gltf_scenekit.framework */ = {isa = PBXFileReference; explicitFileType = wrapper.framework; path = gltf_scenekit.framework; sourceTree = BUILT_PRODUCTS_DIR; };
		"gltf_scenekit::gltf_scenekitTests::Product" /* gltf_scenekitTests.xctest */ = {isa = PBXFileReference; explicitFileType = wrapper.cfbundle; path = gltf_scenekitTests.xctest; sourceTree = BUILT_PRODUCTS_DIR; };
/* End PBXFileReference section */

/* Begin PBXFrameworksBuildPhase section */
		D2750D0E2077B7AC00F6198D /* Frameworks */ = {
			isa = PBXFrameworksBuildPhase;
			buildActionMask = 0;
			files = (
				D2750D0F2077B7AC00F6198D /* libdraco.a in Frameworks */,
			);
			runOnlyForDeploymentPostprocessing = 0;
		};
		OBJ_59 /* Frameworks */ = {
			isa = PBXFrameworksBuildPhase;
			buildActionMask = 0;
			files = (
				OBJ_60 /* gltf_scenekit.framework in Frameworks */,
			);
			runOnlyForDeploymentPostprocessing = 0;
		};
		OBJ_97 /* Frameworks */ = {
			isa = PBXFrameworksBuildPhase;
			buildActionMask = 0;
			files = (
				D27BDF7D203DCE6E0036F3A7 /* libdraco.a in Frameworks */,
			);
			runOnlyForDeploymentPostprocessing = 0;
		};
/* End PBXFrameworksBuildPhase section */

/* Begin PBXGroup section */
		D27BDF7B203DCE6E0036F3A7 /* Frameworks */ = {
			isa = PBXGroup;
			children = (
				D27BDF7C203DCE6E0036F3A7 /* libdraco.a */,
			);
			name = Frameworks;
			sourceTree = "<group>";
		};
		OBJ_10 /* GLTF */ = {
			isa = PBXGroup;
			children = (
				OBJ_11 /* GLTF.swift */,
				OBJ_12 /* GLTFAccessor.swift */,
				OBJ_13 /* GLTFAccessorSparse.swift */,
				OBJ_14 /* GLTFAccessorSparseIndices.swift */,
				OBJ_15 /* GLTFAccessorSparseValues.swift */,
				OBJ_16 /* GLTFAnimation.swift */,
				OBJ_17 /* GLTFAnimationChannel.swift */,
				OBJ_18 /* GLTFAnimationChannelTarget.swift */,
				OBJ_19 /* GLTFAnimationSampler.swift */,
				OBJ_20 /* GLTFAsset.swift */,
				OBJ_21 /* GLTFBuffer.swift */,
				OBJ_22 /* GLTFBufferView.swift */,
				OBJ_23 /* GLTFCamera.swift */,
				OBJ_24 /* GLTFCameraOrthographic.swift */,
				OBJ_25 /* GLTFCameraPerspective.swift */,
				OBJ_26 /* GLTFImage.swift */,
				OBJ_27 /* GLTFMaterial.swift */,
				OBJ_28 /* GLTFMaterialNormalTextureInfo.swift */,
				OBJ_29 /* GLTFMaterialOcclusionTextureInfo.swift */,
				OBJ_30 /* GLTFMaterialPBRMetallicRoughness.swift */,
				OBJ_31 /* GLTFMesh.swift */,
				OBJ_32 /* GLTFMeshPrimitive.swift */,
				OBJ_33 /* GLTFNode.swift */,
				OBJ_34 /* GLTFSampler.swift */,
				OBJ_35 /* GLTFScene.swift */,
				OBJ_36 /* GLTFSkin.swift */,
				OBJ_37 /* GLTFTexture.swift */,
				OBJ_38 /* GLTFTextureInfo.swift */,
				D27BDF82203F0BEF0036F3A7 /* GLTFKHRDracoMeshCompressionExtension.swift */,
				D215713A20402611009E9D16 /* JSONCodingKeys.swift */,
			);
			path = GLTF;
			sourceTree = "<group>";
		};
		OBJ_40 /* Tests */ = {
			isa = PBXGroup;
			children = (
				OBJ_41 /* gltf_scenekitTests */,
			);
			name = Tests;
			sourceTree = SOURCE_ROOT;
		};
		OBJ_41 /* gltf_scenekitTests */ = {
			isa = PBXGroup;
			children = (
				OBJ_42 /* gltf_scenekitTests.swift */,
			);
			name = gltf_scenekitTests;
			path = Tests/gltf_scenekitTests;
			sourceTree = SOURCE_ROOT;
		};
		OBJ_43 /* Dependencies */ = {
			isa = PBXGroup;
			children = (
			);
			name = Dependencies;
			sourceTree = "<group>";
		};
		OBJ_44 /* Products */ = {
			isa = PBXGroup;
			children = (
				"gltf_scenekit::gltf_scenekitTests::Product" /* gltf_scenekitTests.xctest */,
				"gltf_scenekit::gltf_scenekit::Product" /* gltf_scenekit.framework */,
				D2750D132077B7AC00F6198D /* gltf_scenekit.framework */,
			);
			name = Products;
			sourceTree = BUILT_PRODUCTS_DIR;
		};
		OBJ_5 = {
			isa = PBXGroup;
			children = (
				OBJ_6 /* Package.swift */,
				OBJ_7 /* Sources */,
				OBJ_40 /* Tests */,
				OBJ_43 /* Dependencies */,
				OBJ_44 /* Products */,
				D27BDF7B203DCE6E0036F3A7 /* Frameworks */,
				D2750D142077B7AD00F6198D /* gltf_scenekit copy-Info.plist */,
			);
			sourceTree = "<group>";
		};
		OBJ_7 /* Sources */ = {
			isa = PBXGroup;
			children = (
				OBJ_8 /* gltf_scenekit */,
			);
			name = Sources;
			sourceTree = SOURCE_ROOT;
		};
		OBJ_8 /* gltf_scenekit */ = {
			isa = PBXGroup;
			children = (
				OBJ_9 /* GLTF+SceneKit.swift */,
				D2AFCFC2208F2A010048A9DA /* GLTF+Material.swift */,
				D2AFCFBF208F1DE00048A9DA /* GLTF+Animation.swift */,
				D287556B2077CABB009B7FA9 /* GLTF+CompressedTexture.swift */,
				D2180CDD2087457D005353CF /* GLTF+Draco.swift */,
				D2AFCFD1208F6F010048A9DA /* GLTF+Resources.swift */,
				OBJ_10 /* GLTF */,
				D2AC651D205D578A0091D5E0 /* GLTF_3D4MCompressedTextureExtension.swift */,
				OBJ_39 /* Helper.swift */,
			);
			name = gltf_scenekit;
			path = Sources/gltf_scenekit;
			sourceTree = SOURCE_ROOT;
		};
/* End PBXGroup section */

/* Begin PBXNativeTarget section */
		D2750CEA2077B7AC00F6198D /* gltf_scenekit (iOS) */ = {
			isa = PBXNativeTarget;
			buildConfigurationList = D2750D102077B7AC00F6198D /* Build configuration list for PBXNativeTarget "gltf_scenekit (iOS)" */;
			buildPhases = (
				D2750CEB2077B7AC00F6198D /* ShellScript */,
				D2750CEC2077B7AC00F6198D /* Sources */,
				D2750D0E2077B7AC00F6198D /* Frameworks */,
			);
			buildRules = (
			);
			dependencies = (
			);
			name = "gltf_scenekit (iOS)";
			productName = gltf_scenekit;
			productReference = D2750D132077B7AC00F6198D /* gltf_scenekit.framework */;
			productType = "com.apple.product-type.framework";
		};
		"gltf_scenekit::SwiftPMPackageDescription" /* gltf_scenekitPackageDescription */ = {
			isa = PBXNativeTarget;
			buildConfigurationList = OBJ_48 /* Build configuration list for PBXNativeTarget "gltf_scenekitPackageDescription" */;
			buildPhases = (
				OBJ_51 /* Sources */,
			);
			buildRules = (
			);
			dependencies = (
			);
			name = gltf_scenekitPackageDescription;
			productName = gltf_scenekitPackageDescription;
			productType = "com.apple.product-type.framework";
		};
		"gltf_scenekit::gltf_scenekit" /* gltf_scenekit */ = {
			isa = PBXNativeTarget;
			buildConfigurationList = OBJ_63 /* Build configuration list for PBXNativeTarget "gltf_scenekit" */;
			buildPhases = (
				D2DC4CE820568D31004C8F45 /* ShellScript */,
				OBJ_66 /* Sources */,
				OBJ_97 /* Frameworks */,
			);
			buildRules = (
			);
			dependencies = (
			);
			name = gltf_scenekit;
			productName = gltf_scenekit;
			productReference = "gltf_scenekit::gltf_scenekit::Product" /* gltf_scenekit.framework */;
			productType = "com.apple.product-type.framework";
		};
		"gltf_scenekit::gltf_scenekitTests" /* gltf_scenekitTests */ = {
			isa = PBXNativeTarget;
			buildConfigurationList = OBJ_54 /* Build configuration list for PBXNativeTarget "gltf_scenekitTests" */;
			buildPhases = (
				OBJ_57 /* Sources */,
				OBJ_59 /* Frameworks */,
			);
			buildRules = (
			);
			dependencies = (
				OBJ_61 /* PBXTargetDependency */,
			);
			name = gltf_scenekitTests;
			productName = gltf_scenekitTests;
			productReference = "gltf_scenekit::gltf_scenekitTests::Product" /* gltf_scenekitTests.xctest */;
			productType = "com.apple.product-type.bundle.unit-test";
		};
/* End PBXNativeTarget section */

/* Begin PBXProject section */
		OBJ_1 /* Project object */ = {
			isa = PBXProject;
			attributes = {
				LastUpgradeCheck = 9999;
			};
			buildConfigurationList = OBJ_2 /* Build configuration list for PBXProject "gltf_scenekit" */;
			compatibilityVersion = "Xcode 3.2";
			developmentRegion = English;
			hasScannedForEncodings = 0;
			knownRegions = (
				en,
			);
			mainGroup = OBJ_5;
			productRefGroup = OBJ_44 /* Products */;
			projectDirPath = "";
			projectRoot = "";
			targets = (
				"gltf_scenekit::SwiftPMPackageDescription" /* gltf_scenekitPackageDescription */,
				"gltf_scenekit::gltf_scenekitTests" /* gltf_scenekitTests */,
				"gltf_scenekit::gltf_scenekit" /* gltf_scenekit */,
				"gltf_scenekit::gltf_scenekitPackageTests::ProductTarget" /* gltf_scenekitPackageTests */,
				D2750CEA2077B7AC00F6198D /* gltf_scenekit (iOS) */,
			);
		};
/* End PBXProject section */

/* Begin PBXShellScriptBuildPhase section */
		D2750CEB2077B7AC00F6198D /* ShellScript */ = {
			isa = PBXShellScriptBuildPhase;
			buildActionMask = 2147483647;
			files = (
			);
			inputPaths = (
			);
			outputPaths = (
			);
			runOnlyForDeploymentPostprocessing = 0;
			shellPath = /bin/sh;
			shellScript = "swift package update";
		};
		D2DC4CE820568D31004C8F45 /* ShellScript */ = {
			isa = PBXShellScriptBuildPhase;
			buildActionMask = 2147483647;
			files = (
			);
			inputPaths = (
			);
			outputPaths = (
			);
			runOnlyForDeploymentPostprocessing = 0;
			shellPath = /bin/sh;
			shellScript = "swift package update";
		};
/* End PBXShellScriptBuildPhase section */

/* Begin PBXSourcesBuildPhase section */
		D2750CEC2077B7AC00F6198D /* Sources */ = {
			isa = PBXSourcesBuildPhase;
			buildActionMask = 0;
			files = (
				D2750CED2077B7AC00F6198D /* GLTF+SceneKit.swift in Sources */,
				D2750CEE2077B7AC00F6198D /* GLTF.swift in Sources */,
				D2750CEF2077B7AC00F6198D /* GLTFAccessor.swift in Sources */,
				D2750CF02077B7AC00F6198D /* GLTFAccessorSparse.swift in Sources */,
				D2750CF12077B7AC00F6198D /* GLTFAccessorSparseIndices.swift in Sources */,
				D2750CF22077B7AC00F6198D /* GLTFAccessorSparseValues.swift in Sources */,
				D2750CF32077B7AC00F6198D /* GLTFAnimation.swift in Sources */,
				D2AFCFC1208F1DE00048A9DA /* GLTF+Animation.swift in Sources */,
				D2750CF42077B7AC00F6198D /* GLTFAnimationChannel.swift in Sources */,
				D2750CF52077B7AC00F6198D /* GLTFAnimationChannelTarget.swift in Sources */,
				D2750CF62077B7AC00F6198D /* GLTFAnimationSampler.swift in Sources */,
				D2750CF72077B7AC00F6198D /* GLTF_3D4MCompressedTextureExtension.swift in Sources */,
				D2AFCFC4208F2A010048A9DA /* GLTF+Material.swift in Sources */,
				D2750CF82077B7AC00F6198D /* GLTFAsset.swift in Sources */,
				D2750CF92077B7AC00F6198D /* GLTFBuffer.swift in Sources */,
				D2750CFA2077B7AC00F6198D /* GLTFBufferView.swift in Sources */,
				D2750CFB2077B7AC00F6198D /* GLTFCamera.swift in Sources */,
				D2AFCFD3208F6F010048A9DA /* GLTF+Resources.swift in Sources */,
				D2750CFC2077B7AC00F6198D /* GLTFCameraOrthographic.swift in Sources */,
				D2750CFD2077B7AC00F6198D /* GLTFCameraPerspective.swift in Sources */,
				D2750CFE2077B7AC00F6198D /* GLTFImage.swift in Sources */,
				D2750CFF2077B7AC00F6198D /* GLTFMaterial.swift in Sources */,
				D2750D002077B7AC00F6198D /* GLTFMaterialNormalTextureInfo.swift in Sources */,
				D2750D012077B7AC00F6198D /* GLTFMaterialOcclusionTextureInfo.swift in Sources */,
				D2750D022077B7AC00F6198D /* GLTFMaterialPBRMetallicRoughness.swift in Sources */,
				D2750D032077B7AC00F6198D /* GLTFMesh.swift in Sources */,
				D2750D042077B7AC00F6198D /* GLTFKHRDracoMeshCompressionExtension.swift in Sources */,
				D2750D052077B7AC00F6198D /* GLTFMeshPrimitive.swift in Sources */,
				D2750D062077B7AC00F6198D /* GLTFNode.swift in Sources */,
				D287556E2077CB1B009B7FA9 /* GLTF+CompressedTexture.swift in Sources */,
				D2750D072077B7AC00F6198D /* JSONCodingKeys.swift in Sources */,
				D2750D082077B7AC00F6198D /* GLTFSampler.swift in Sources */,
				D2750D092077B7AC00F6198D /* GLTFScene.swift in Sources */,
				D2180CE0208745A7005353CF /* GLTF+Draco.swift in Sources */,
				D2750D0A2077B7AC00F6198D /* GLTFSkin.swift in Sources */,
				D2750D0B2077B7AC00F6198D /* GLTFTexture.swift in Sources */,
				D2750D0C2077B7AC00F6198D /* GLTFTextureInfo.swift in Sources */,
				D2750D0D2077B7AC00F6198D /* Helper.swift in Sources */,
			);
			runOnlyForDeploymentPostprocessing = 0;
		};
		OBJ_51 /* Sources */ = {
			isa = PBXSourcesBuildPhase;
			buildActionMask = 0;
			files = (
				OBJ_52 /* Package.swift in Sources */,
			);
			runOnlyForDeploymentPostprocessing = 0;
		};
		OBJ_57 /* Sources */ = {
			isa = PBXSourcesBuildPhase;
			buildActionMask = 0;
			files = (
				OBJ_58 /* gltf_scenekitTests.swift in Sources */,
			);
			runOnlyForDeploymentPostprocessing = 0;
		};
		OBJ_66 /* Sources */ = {
			isa = PBXSourcesBuildPhase;
			buildActionMask = 0;
			files = (
				OBJ_67 /* GLTF+SceneKit.swift in Sources */,
				OBJ_68 /* GLTF.swift in Sources */,
				OBJ_69 /* GLTFAccessor.swift in Sources */,
				OBJ_70 /* GLTFAccessorSparse.swift in Sources */,
				OBJ_71 /* GLTFAccessorSparseIndices.swift in Sources */,
				OBJ_72 /* GLTFAccessorSparseValues.swift in Sources */,
				OBJ_73 /* GLTFAnimation.swift in Sources */,
				D2AFCFC0208F1DE00048A9DA /* GLTF+Animation.swift in Sources */,
				OBJ_74 /* GLTFAnimationChannel.swift in Sources */,
				OBJ_75 /* GLTFAnimationChannelTarget.swift in Sources */,
				OBJ_76 /* GLTFAnimationSampler.swift in Sources */,
				D2AC651E205D578B0091D5E0 /* GLTF_3D4MCompressedTextureExtension.swift in Sources */,
				D2AFCFC3208F2A010048A9DA /* GLTF+Material.swift in Sources */,
				OBJ_77 /* GLTFAsset.swift in Sources */,
				OBJ_78 /* GLTFBuffer.swift in Sources */,
				OBJ_79 /* GLTFBufferView.swift in Sources */,
				OBJ_80 /* GLTFCamera.swift in Sources */,
				D2AFCFD2208F6F010048A9DA /* GLTF+Resources.swift in Sources */,
				OBJ_81 /* GLTFCameraOrthographic.swift in Sources */,
				OBJ_82 /* GLTFCameraPerspective.swift in Sources */,
				OBJ_83 /* GLTFImage.swift in Sources */,
				OBJ_84 /* GLTFMaterial.swift in Sources */,
				OBJ_85 /* GLTFMaterialNormalTextureInfo.swift in Sources */,
				OBJ_86 /* GLTFMaterialOcclusionTextureInfo.swift in Sources */,
				OBJ_87 /* GLTFMaterialPBRMetallicRoughness.swift in Sources */,
				OBJ_88 /* GLTFMesh.swift in Sources */,
				D27BDF83203F0BEF0036F3A7 /* GLTFKHRDracoMeshCompressionExtension.swift in Sources */,
				OBJ_89 /* GLTFMeshPrimitive.swift in Sources */,
				OBJ_90 /* GLTFNode.swift in Sources */,
				D287556D2077CB16009B7FA9 /* GLTF+CompressedTexture.swift in Sources */,
				D2157142204035E3009E9D16 /* JSONCodingKeys.swift in Sources */,
				OBJ_91 /* GLTFSampler.swift in Sources */,
				OBJ_92 /* GLTFScene.swift in Sources */,
				D2180CDF208745A6005353CF /* GLTF+Draco.swift in Sources */,
				OBJ_93 /* GLTFSkin.swift in Sources */,
				OBJ_94 /* GLTFTexture.swift in Sources */,
				OBJ_95 /* GLTFTextureInfo.swift in Sources */,
				OBJ_96 /* Helper.swift in Sources */,
			);
			runOnlyForDeploymentPostprocessing = 0;
		};
/* End PBXSourcesBuildPhase section */

/* Begin PBXTargetDependency section */
		OBJ_102 /* PBXTargetDependency */ = {
			isa = PBXTargetDependency;
			target = "gltf_scenekit::gltf_scenekitTests" /* gltf_scenekitTests */;
			targetProxy = D27BDF78203DC79D0036F3A7 /* PBXContainerItemProxy */;
		};
		OBJ_61 /* PBXTargetDependency */ = {
			isa = PBXTargetDependency;
			target = "gltf_scenekit::gltf_scenekit" /* gltf_scenekit */;
			targetProxy = D27BDF77203DC79D0036F3A7 /* PBXContainerItemProxy */;
		};
/* End PBXTargetDependency section */

/* Begin XCBuildConfiguration section */
		D2750D112077B7AC00F6198D /* Debug */ = {
			isa = XCBuildConfiguration;
			buildSettings = {
				ENABLE_TESTABILITY = YES;
				FRAMEWORK_SEARCH_PATHS = "$(inherited)";
				HEADER_SEARCH_PATHS = (
					"$(inherited)",
					"$(SRCROOT)/.build/checkouts",
				);
				INFOPLIST_FILE = gltf_scenekit.xcodeproj/gltf_scenekit_ios_Info.plist;
				IPHONEOS_DEPLOYMENT_TARGET = 10.0;
				LD_RUNPATH_SEARCH_PATHS = "$(TOOLCHAIN_DIR)/usr/lib/swift/macosx";
				LIBRARY_SEARCH_PATHS = "$(SRCROOT)/.build/checkouts/**";
				MACOSX_DEPLOYMENT_TARGET = 10.12;
				OTHER_LDFLAGS = (
					"$(inherited)",
					"-lc++",
					"-ldraco_ios",
				);
				OTHER_SWIFT_FLAGS = "$(inherited)";
				PRODUCT_BUNDLE_IDENTIFIER = "gltf-scenekit";
				PRODUCT_MODULE_NAME = "$(TARGET_NAME:c99extidentifier)";
				PRODUCT_NAME = "$(TARGET_NAME)";
				SDKROOT = iphoneos;
				SKIP_INSTALL = YES;
				SUPPORTED_PLATFORMS = "iphonesimulator iphoneos";
				SWIFT_VERSION = 4.0;
				TARGETED_DEVICE_FAMILY = "1,2";
				TARGET_NAME = gltf_scenekit;
				VALID_ARCHS = arm64;
			};
			name = Debug;
		};
		D2750D122077B7AC00F6198D /* Release */ = {
			isa = XCBuildConfiguration;
			buildSettings = {
				ENABLE_TESTABILITY = YES;
				FRAMEWORK_SEARCH_PATHS = "$(inherited)";
				HEADER_SEARCH_PATHS = (
					"$(inherited)",
					"$(SRCROOT)/.build/checkouts",
				);
				INFOPLIST_FILE = gltf_scenekit.xcodeproj/gltf_scenekit_ios_Info.plist;
				IPHONEOS_DEPLOYMENT_TARGET = 10.0;
				LD_RUNPATH_SEARCH_PATHS = "$(TOOLCHAIN_DIR)/usr/lib/swift/macosx";
				LIBRARY_SEARCH_PATHS = "$(SRCROOT)/.build/checkouts/**";
				MACOSX_DEPLOYMENT_TARGET = 10.12;
				OTHER_LDFLAGS = (
					"$(inherited)",
					"-lc++",
					"-ldraco_ios",
				);
				OTHER_SWIFT_FLAGS = "$(inherited)";
				PRODUCT_BUNDLE_IDENTIFIER = "gltf-scenekit";
				PRODUCT_MODULE_NAME = "$(TARGET_NAME:c99extidentifier)";
				PRODUCT_NAME = "$(TARGET_NAME)";
				SDKROOT = iphoneos;
				SKIP_INSTALL = YES;
				SUPPORTED_PLATFORMS = "iphonesimulator iphoneos";
				SWIFT_VERSION = 4.0;
				TARGETED_DEVICE_FAMILY = "1,2";
				TARGET_NAME = gltf_scenekit;
				VALID_ARCHS = arm64;
			};
			name = Release;
		};
		OBJ_100 /* Debug */ = {
			isa = XCBuildConfiguration;
			buildSettings = {
				MACOSX_DEPLOYMENT_TARGET = 10.12;
				VALID_ARCHS = x86_64;
			};
			name = Debug;
		};
		OBJ_101 /* Release */ = {
			isa = XCBuildConfiguration;
			buildSettings = {
				MACOSX_DEPLOYMENT_TARGET = 10.12;
				VALID_ARCHS = x86_64;
			};
			name = Release;
		};
		OBJ_3 /* Debug */ = {
			isa = XCBuildConfiguration;
			buildSettings = {
				CLANG_ENABLE_OBJC_ARC = YES;
				COMBINE_HIDPI_IMAGES = YES;
				COPY_PHASE_STRIP = NO;
				DEBUG_INFORMATION_FORMAT = dwarf;
				DYLIB_INSTALL_NAME_BASE = "@rpath";
				ENABLE_NS_ASSERTIONS = YES;
				GCC_OPTIMIZATION_LEVEL = 0;
				MACOSX_DEPLOYMENT_TARGET = 10.10;
				ONLY_ACTIVE_ARCH = YES;
				OTHER_SWIFT_FLAGS = "-DXcode";
				PRODUCT_NAME = "$(TARGET_NAME)";
				SDKROOT = macosx;
				SUPPORTED_PLATFORMS = "macosx iphoneos iphonesimulator appletvos appletvsimulator watchos watchsimulator";
				SWIFT_ACTIVE_COMPILATION_CONDITIONS = SWIFT_PACKAGE;
				SWIFT_OPTIMIZATION_LEVEL = "-Onone";
				USE_HEADERMAP = NO;
			};
			name = Debug;
		};
		OBJ_4 /* Release */ = {
			isa = XCBuildConfiguration;
			buildSettings = {
				CLANG_ENABLE_OBJC_ARC = YES;
				COMBINE_HIDPI_IMAGES = YES;
				COPY_PHASE_STRIP = YES;
				DEBUG_INFORMATION_FORMAT = "dwarf-with-dsym";
				DYLIB_INSTALL_NAME_BASE = "@rpath";
				GCC_OPTIMIZATION_LEVEL = s;
				MACOSX_DEPLOYMENT_TARGET = 10.10;
				OTHER_SWIFT_FLAGS = "-DXcode";
				PRODUCT_NAME = "$(TARGET_NAME)";
				SDKROOT = macosx;
				SUPPORTED_PLATFORMS = "macosx iphoneos iphonesimulator appletvos appletvsimulator watchos watchsimulator";
				SWIFT_ACTIVE_COMPILATION_CONDITIONS = SWIFT_PACKAGE;
				SWIFT_OPTIMIZATION_LEVEL = "-Owholemodule";
				USE_HEADERMAP = NO;
			};
			name = Release;
		};
		OBJ_49 /* Debug */ = {
			isa = XCBuildConfiguration;
			buildSettings = {
				LD = /usr/bin/true;
				OTHER_SWIFT_FLAGS = "-swift-version 4 -I /Applications/Xcode.app/Contents/Developer/Toolchains/XcodeDefault.xctoolchain/usr/lib/swift/pm/4 -target x86_64-apple-macosx10.10 -sdk /Applications/Xcode.app/Contents/Developer/Platforms/MacOSX.platform/Developer/SDKs/MacOSX10.13.sdk";
				SWIFT_VERSION = 4.0;
			};
			name = Debug;
		};
		OBJ_50 /* Release */ = {
			isa = XCBuildConfiguration;
			buildSettings = {
				LD = /usr/bin/true;
				OTHER_SWIFT_FLAGS = "-swift-version 4 -I /Applications/Xcode.app/Contents/Developer/Toolchains/XcodeDefault.xctoolchain/usr/lib/swift/pm/4 -target x86_64-apple-macosx10.10 -sdk /Applications/Xcode.app/Contents/Developer/Platforms/MacOSX.platform/Developer/SDKs/MacOSX10.13.sdk";
				SWIFT_VERSION = 4.0;
			};
			name = Release;
		};
		OBJ_55 /* Debug */ = {
			isa = XCBuildConfiguration;
			buildSettings = {
				EMBEDDED_CONTENT_CONTAINS_SWIFT = YES;
				FRAMEWORK_SEARCH_PATHS = (
					"$(inherited)",
					"$(PLATFORM_DIR)/Developer/Library/Frameworks",
				);
				HEADER_SEARCH_PATHS = (
					"$(inherited)",
					"$(SRCROOT)/.build/checkouts/**",
				);
				INFOPLIST_FILE = gltf_scenekit.xcodeproj/gltf_scenekitTests_Info.plist;
				LD_RUNPATH_SEARCH_PATHS = "@loader_path/../Frameworks @loader_path/Frameworks";
				LIBRARY_SEARCH_PATHS = "$(SRCROOT)/.build/checkouts/**";
				MACOSX_DEPLOYMENT_TARGET = 10.12;
				OTHER_LDFLAGS = (
					"$(inherited)",
					"-lc++",
					"-ldraco",
				);
				OTHER_SWIFT_FLAGS = "$(inherited)";
				SWIFT_VERSION = 4.0;
				TARGET_NAME = gltf_scenekitTests;
			};
			name = Debug;
		};
		OBJ_56 /* Release */ = {
			isa = XCBuildConfiguration;
			buildSettings = {
				EMBEDDED_CONTENT_CONTAINS_SWIFT = YES;
				FRAMEWORK_SEARCH_PATHS = (
					"$(inherited)",
					"$(PLATFORM_DIR)/Developer/Library/Frameworks",
				);
				HEADER_SEARCH_PATHS = (
					"$(inherited)",
					"$(SRCROOT)/.build/checkouts/**",
				);
				INFOPLIST_FILE = gltf_scenekit.xcodeproj/gltf_scenekitTests_Info.plist;
				LD_RUNPATH_SEARCH_PATHS = "@loader_path/../Frameworks @loader_path/Frameworks";
				LIBRARY_SEARCH_PATHS = "$(SRCROOT)/.build/checkouts/**";
				MACOSX_DEPLOYMENT_TARGET = 10.12;
				OTHER_LDFLAGS = (
					"$(inherited)",
					"-lc++",
					"-ldraco",
				);
				OTHER_SWIFT_FLAGS = "$(inherited)";
				SWIFT_VERSION = 4.0;
				TARGET_NAME = gltf_scenekitTests;
			};
			name = Release;
		};
		OBJ_64 /* Debug */ = {
			isa = XCBuildConfiguration;
			buildSettings = {
				ENABLE_TESTABILITY = YES;
				FRAMEWORK_SEARCH_PATHS = "$(inherited)";
				HEADER_SEARCH_PATHS = (
					"$(inherited)",
					"$(SRCROOT)/.build/checkouts",
				);
				INFOPLIST_FILE = gltf_scenekit.xcodeproj/gltf_scenekit_Info.plist;
				LD_RUNPATH_SEARCH_PATHS = "$(TOOLCHAIN_DIR)/usr/lib/swift/macosx";
				LIBRARY_SEARCH_PATHS = "$(SRCROOT)/.build/checkouts/**";
				MACOSX_DEPLOYMENT_TARGET = 10.12;
				OTHER_LDFLAGS = (
					"$(inherited)",
					"-lc++",
					"-ldraco",
				);
				OTHER_SWIFT_FLAGS = "$(inherited)";
				PRODUCT_BUNDLE_IDENTIFIER = "gltf-scenekit";
				PRODUCT_MODULE_NAME = "$(TARGET_NAME:c99extidentifier)";
				PRODUCT_NAME = "$(TARGET_NAME:c99extidentifier)";
				SKIP_INSTALL = YES;
				SWIFT_VERSION = 4.0;
				TARGET_NAME = gltf_scenekit;
				VALID_ARCHS = x86_64;
			};
			name = Debug;
		};
		OBJ_65 /* Release */ = {
			isa = XCBuildConfiguration;
			buildSettings = {
				ENABLE_TESTABILITY = YES;
				FRAMEWORK_SEARCH_PATHS = "$(inherited)";
				HEADER_SEARCH_PATHS = (
					"$(inherited)",
					"$(SRCROOT)/.build/checkouts",
				);
				INFOPLIST_FILE = gltf_scenekit.xcodeproj/gltf_scenekit_Info.plist;
				LD_RUNPATH_SEARCH_PATHS = "$(TOOLCHAIN_DIR)/usr/lib/swift/macosx";
				LIBRARY_SEARCH_PATHS = "$(SRCROOT)/.build/checkouts/**";
				MACOSX_DEPLOYMENT_TARGET = 10.12;
				OTHER_LDFLAGS = (
					"$(inherited)",
					"-lc++",
					"-ldraco",
				);
				OTHER_SWIFT_FLAGS = "$(inherited)";
				PRODUCT_BUNDLE_IDENTIFIER = "gltf-scenekit";
				PRODUCT_MODULE_NAME = "$(TARGET_NAME:c99extidentifier)";
				PRODUCT_NAME = "$(TARGET_NAME:c99extidentifier)";
				SKIP_INSTALL = YES;
				SWIFT_VERSION = 4.0;
				TARGET_NAME = gltf_scenekit;
				VALID_ARCHS = x86_64;
			};
			name = Release;
		};
/* End XCBuildConfiguration section */

/* Begin XCConfigurationList section */
		D2750D102077B7AC00F6198D /* Build configuration list for PBXNativeTarget "gltf_scenekit (iOS)" */ = {
			isa = XCConfigurationList;
			buildConfigurations = (
				D2750D112077B7AC00F6198D /* Debug */,
				D2750D122077B7AC00F6198D /* Release */,
			);
			defaultConfigurationIsVisible = 0;
			defaultConfigurationName = Debug;
		};
		OBJ_2 /* Build configuration list for PBXProject "gltf_scenekit" */ = {
			isa = XCConfigurationList;
			buildConfigurations = (
				OBJ_3 /* Debug */,
				OBJ_4 /* Release */,
			);
			defaultConfigurationIsVisible = 0;
			defaultConfigurationName = Debug;
		};
		OBJ_48 /* Build configuration list for PBXNativeTarget "gltf_scenekitPackageDescription" */ = {
			isa = XCConfigurationList;
			buildConfigurations = (
				OBJ_49 /* Debug */,
				OBJ_50 /* Release */,
			);
			defaultConfigurationIsVisible = 0;
			defaultConfigurationName = Debug;
		};
		OBJ_54 /* Build configuration list for PBXNativeTarget "gltf_scenekitTests" */ = {
			isa = XCConfigurationList;
			buildConfigurations = (
				OBJ_55 /* Debug */,
				OBJ_56 /* Release */,
			);
			defaultConfigurationIsVisible = 0;
			defaultConfigurationName = Debug;
		};
		OBJ_63 /* Build configuration list for PBXNativeTarget "gltf_scenekit" */ = {
			isa = XCConfigurationList;
			buildConfigurations = (
				OBJ_64 /* Debug */,
				OBJ_65 /* Release */,
			);
			defaultConfigurationIsVisible = 0;
			defaultConfigurationName = Debug;
		};
		OBJ_99 /* Build configuration list for PBXAggregateTarget "gltf_scenekitPackageTests" */ = {
			isa = XCConfigurationList;
			buildConfigurations = (
				OBJ_100 /* Debug */,
				OBJ_101 /* Release */,
			);
			defaultConfigurationIsVisible = 0;
			defaultConfigurationName = Debug;
		};
/* End XCConfigurationList section */
	};
	rootObject = OBJ_1 /* Project object */;
}
